
Microsoft Visual Studio Solution File, Format Version 12.00
# Visual Studio 15
VisualStudioVersion = 15.0.28307.572
MinimumVisualStudioVersion = 10.0.40219.1
Project("{FAE04EC0-301F-11D3-BF4B-00C04F79EFBC}") = "Dafny_Server_Redesign", "Dafny_Server_Redesign\Dafny_Server_Redesign.csproj", "{86500C93-7930-465C-989A-34DC72A222D8}"
EndProject
Project("{2150E333-8FDC-42A3-9474-1A3956D46DE8}") = "Test", "Test", "{01A7394B-A29A-4E31-933E-6DA677862916}"
EndProject
Project("{FAE04EC0-301F-11D3-BF4B-00C04F79EFBC}") = "DemoTestForProofOfWork", "DemoTestForProofOfWork\DemoTestForProofOfWork.csproj", "{3BACF7FC-09F8-4708-A777-5F029DE74178}"
EndProject
Global
	GlobalSection(SolutionConfigurationPlatforms) = preSolution
		Debug|Any CPU = Debug|Any CPU
		Release|Any CPU = Release|Any CPU
	EndGlobalSection
	GlobalSection(ProjectConfigurationPlatforms) = postSolution
		{86500C93-7930-465C-989A-34DC72A222D8}.Debug|Any CPU.ActiveCfg = Debug|Any CPU
		{86500C93-7930-465C-989A-34DC72A222D8}.Debug|Any CPU.Build.0 = Debug|Any CPU
		{86500C93-7930-465C-989A-34DC72A222D8}.Release|Any CPU.ActiveCfg = Release|Any CPU
		{86500C93-7930-465C-989A-34DC72A222D8}.Release|Any CPU.Build.0 = Release|Any CPU
		{3BACF7FC-09F8-4708-A777-5F029DE74178}.Debug|Any CPU.ActiveCfg = Debug|Any CPU
		{3BACF7FC-09F8-4708-A777-5F029DE74178}.Debug|Any CPU.Build.0 = Debug|Any CPU
		{3BACF7FC-09F8-4708-A777-5F029DE74178}.Release|Any CPU.ActiveCfg = Release|Any CPU
		{3BACF7FC-09F8-4708-A777-5F029DE74178}.Release|Any CPU.Build.0 = Release|Any CPU
	EndGlobalSection
	GlobalSection(SolutionProperties) = preSolution
		HideSolutionNode = FALSE
	EndGlobalSection
	GlobalSection(NestedProjects) = preSolution
		{3BACF7FC-09F8-4708-A777-5F029DE74178} = {01A7394B-A29A-4E31-933E-6DA677862916}
	EndGlobalSection
	GlobalSection(ExtensibilityGlobals) = postSolution
		SolutionGuid = {D006EA3C-C25C-4117-ACBD-736F1709CA11}
	EndGlobalSection
EndGlobal
