
Microsoft Visual Studio Solution File, Format Version 12.00
# Visual Studio 15
VisualStudioVersion = 15.0.28307.852
MinimumVisualStudioVersion = 10.0.40219.1
Project("{FAE04EC0-301F-11D3-BF4B-00C04F79EFBC}") = "DafnyDriver", "DafnyDriver\DafnyDriver.csproj", "{63400D1F-05B2-453E-9592-1EAB74B2C9CC}"
EndProject
Project("{FAE04EC0-301F-11D3-BF4B-00C04F79EFBC}") = "DafnyPipeline", "Dafny\DafnyPipeline.csproj", "{FE44674A-1633-4917-99F4-57635E6FA740}"
EndProject
Project("{FAE04EC0-301F-11D3-BF4B-00C04F79EFBC}") = "DafnyServer", "DafnyServer\DafnyServer.csproj", "{AC9B21AE-EBC1-4A27-AD11-ED031FC7B4A2}"
	ProjectSection(ProjectDependencies) = postProject
		{FE44674A-1633-4917-99F4-57635E6FA740} = {FE44674A-1633-4917-99F4-57635E6FA740}
	EndProjectSection
EndProject
Project("{FAE04EC0-301F-11D3-BF4B-00C04F79EFBC}") = "DafnyRuntime", "DafnyRuntime\DafnyRuntime.csproj", "{3E2944E9-3E1D-4E03-A881-FB04A7A6ED67}"
EndProject
Project("{2150E333-8FDC-42A3-9474-1A3956D46DE8}") = "Dafny", "Dafny", "{CEEAD6CB-D3C5-442A-9198-9E27E39DE871}"
EndProject
Project("{FAE04EC0-301F-11D3-BF4B-00C04F79EFBC}") = "TestFramework", "TestFramework\TestFramework.csproj", "{FA2BCD62-F1B0-40E2-9126-52F4E3C800C0}"
EndProject
Project("{FAE04EC0-301F-11D3-BF4B-00C04F79EFBC}") = "TestCore", "TestCore\TestCore.csproj", "{77557DEF-2ECB-49B6-B51D-7344E4E2E248}"
EndProject
Project("{9A19103F-16F7-4668-BE54-9A1E7A4F7556}") = "DafnyLanguageServerCore", "DafnyLanguageServerCore\DafnyLanguageServerCore.csproj", "{01B9371F-18AC-4460-8854-034DA18B6C86}"
EndProject
Project("{FAE04EC0-301F-11D3-BF4B-00C04F79EFBC}") = "DafnyLanguageServer", "DafnyLanguageServer\DafnyLanguageServer.csproj", "{6D4E722B-FC78-4989-A239-13887C8751F2}"
EndProject
Global
	GlobalSection(SolutionConfigurationPlatforms) = preSolution
		Checked|.NET = Checked|.NET
		Checked|Any CPU = Checked|Any CPU
		Checked|Mixed Platforms = Checked|Mixed Platforms
		Checked|x86 = Checked|x86
		Debug|.NET = Debug|.NET
		Debug|Any CPU = Debug|Any CPU
		Debug|Mixed Platforms = Debug|Mixed Platforms
		Debug|x86 = Debug|x86
		QED|.NET = QED|.NET
		QED|Any CPU = QED|Any CPU
		QED|Mixed Platforms = QED|Mixed Platforms
		QED|x86 = QED|x86
		Release|.NET = Release|.NET
		Release|Any CPU = Release|Any CPU
		Release|Mixed Platforms = Release|Mixed Platforms
		Release|x86 = Release|x86
	EndGlobalSection
	GlobalSection(ProjectConfigurationPlatforms) = postSolution
		{63400D1F-05B2-453E-9592-1EAB74B2C9CC}.Checked|.NET.ActiveCfg = Checked|Any CPU
		{63400D1F-05B2-453E-9592-1EAB74B2C9CC}.Checked|.NET.Build.0 = Checked|Any CPU
		{63400D1F-05B2-453E-9592-1EAB74B2C9CC}.Checked|Any CPU.ActiveCfg = Debug|Any CPU
		{63400D1F-05B2-453E-9592-1EAB74B2C9CC}.Checked|Any CPU.Build.0 = Debug|Any CPU
		{63400D1F-05B2-453E-9592-1EAB74B2C9CC}.Checked|Mixed Platforms.ActiveCfg = Checked|Any CPU
		{63400D1F-05B2-453E-9592-1EAB74B2C9CC}.Checked|Mixed Platforms.Build.0 = Checked|Any CPU
		{63400D1F-05B2-453E-9592-1EAB74B2C9CC}.Checked|x86.ActiveCfg = Checked|Any CPU
		{63400D1F-05B2-453E-9592-1EAB74B2C9CC}.Checked|x86.Build.0 = Checked|Any CPU
		{63400D1F-05B2-453E-9592-1EAB74B2C9CC}.Debug|.NET.ActiveCfg = Debug|Any CPU
		{63400D1F-05B2-453E-9592-1EAB74B2C9CC}.Debug|.NET.Build.0 = Debug|Any CPU
		{63400D1F-05B2-453E-9592-1EAB74B2C9CC}.Debug|Any CPU.ActiveCfg = Debug|Any CPU
		{63400D1F-05B2-453E-9592-1EAB74B2C9CC}.Debug|Any CPU.Build.0 = Debug|Any CPU
		{63400D1F-05B2-453E-9592-1EAB74B2C9CC}.Debug|Mixed Platforms.ActiveCfg = Debug|Any CPU
		{63400D1F-05B2-453E-9592-1EAB74B2C9CC}.Debug|Mixed Platforms.Build.0 = Debug|Any CPU
		{63400D1F-05B2-453E-9592-1EAB74B2C9CC}.Debug|x86.ActiveCfg = Debug|Any CPU
		{63400D1F-05B2-453E-9592-1EAB74B2C9CC}.Debug|x86.Build.0 = Debug|Any CPU
		{63400D1F-05B2-453E-9592-1EAB74B2C9CC}.QED|.NET.ActiveCfg = Release|Any CPU
		{63400D1F-05B2-453E-9592-1EAB74B2C9CC}.QED|.NET.Build.0 = Release|Any CPU
		{63400D1F-05B2-453E-9592-1EAB74B2C9CC}.QED|Any CPU.ActiveCfg = Release|Any CPU
		{63400D1F-05B2-453E-9592-1EAB74B2C9CC}.QED|Any CPU.Build.0 = Release|Any CPU
		{63400D1F-05B2-453E-9592-1EAB74B2C9CC}.QED|Mixed Platforms.ActiveCfg = Release|Any CPU
		{63400D1F-05B2-453E-9592-1EAB74B2C9CC}.QED|Mixed Platforms.Build.0 = Release|Any CPU
		{63400D1F-05B2-453E-9592-1EAB74B2C9CC}.QED|x86.ActiveCfg = Release|Any CPU
		{63400D1F-05B2-453E-9592-1EAB74B2C9CC}.QED|x86.Build.0 = Release|Any CPU
		{63400D1F-05B2-453E-9592-1EAB74B2C9CC}.Release|.NET.ActiveCfg = Release|Any CPU
		{63400D1F-05B2-453E-9592-1EAB74B2C9CC}.Release|Any CPU.ActiveCfg = Release|Any CPU
		{63400D1F-05B2-453E-9592-1EAB74B2C9CC}.Release|Any CPU.Build.0 = Release|Any CPU
		{63400D1F-05B2-453E-9592-1EAB74B2C9CC}.Release|Mixed Platforms.ActiveCfg = Release|Any CPU
		{63400D1F-05B2-453E-9592-1EAB74B2C9CC}.Release|Mixed Platforms.Build.0 = Release|Any CPU
		{63400D1F-05B2-453E-9592-1EAB74B2C9CC}.Release|x86.ActiveCfg = Release|Any CPU
		{63400D1F-05B2-453E-9592-1EAB74B2C9CC}.Release|x86.Build.0 = Release|Any CPU
		{FE44674A-1633-4917-99F4-57635E6FA740}.Checked|.NET.ActiveCfg = Checked|Any CPU
		{FE44674A-1633-4917-99F4-57635E6FA740}.Checked|.NET.Build.0 = Checked|Any CPU
		{FE44674A-1633-4917-99F4-57635E6FA740}.Checked|Any CPU.ActiveCfg = Debug|Any CPU
		{FE44674A-1633-4917-99F4-57635E6FA740}.Checked|Any CPU.Build.0 = Debug|Any CPU
		{FE44674A-1633-4917-99F4-57635E6FA740}.Checked|Mixed Platforms.ActiveCfg = Checked|Any CPU
		{FE44674A-1633-4917-99F4-57635E6FA740}.Checked|Mixed Platforms.Build.0 = Checked|Any CPU
		{FE44674A-1633-4917-99F4-57635E6FA740}.Checked|x86.ActiveCfg = Checked|Any CPU
		{FE44674A-1633-4917-99F4-57635E6FA740}.Checked|x86.Build.0 = Checked|Any CPU
		{FE44674A-1633-4917-99F4-57635E6FA740}.Debug|.NET.ActiveCfg = Debug|Any CPU
		{FE44674A-1633-4917-99F4-57635E6FA740}.Debug|.NET.Build.0 = Debug|Any CPU
		{FE44674A-1633-4917-99F4-57635E6FA740}.Debug|Any CPU.ActiveCfg = Debug|Any CPU
		{FE44674A-1633-4917-99F4-57635E6FA740}.Debug|Any CPU.Build.0 = Debug|Any CPU
		{FE44674A-1633-4917-99F4-57635E6FA740}.Debug|Mixed Platforms.ActiveCfg = Debug|Any CPU
		{FE44674A-1633-4917-99F4-57635E6FA740}.Debug|Mixed Platforms.Build.0 = Debug|Any CPU
		{FE44674A-1633-4917-99F4-57635E6FA740}.Debug|x86.ActiveCfg = Debug|Any CPU
		{FE44674A-1633-4917-99F4-57635E6FA740}.Debug|x86.Build.0 = Debug|Any CPU
		{FE44674A-1633-4917-99F4-57635E6FA740}.QED|.NET.ActiveCfg = Release|Any CPU
		{FE44674A-1633-4917-99F4-57635E6FA740}.QED|.NET.Build.0 = Release|Any CPU
		{FE44674A-1633-4917-99F4-57635E6FA740}.QED|Any CPU.ActiveCfg = Release|Any CPU
		{FE44674A-1633-4917-99F4-57635E6FA740}.QED|Any CPU.Build.0 = Release|Any CPU
		{FE44674A-1633-4917-99F4-57635E6FA740}.QED|Mixed Platforms.ActiveCfg = Release|Any CPU
		{FE44674A-1633-4917-99F4-57635E6FA740}.QED|Mixed Platforms.Build.0 = Release|Any CPU
		{FE44674A-1633-4917-99F4-57635E6FA740}.QED|x86.ActiveCfg = Release|Any CPU
		{FE44674A-1633-4917-99F4-57635E6FA740}.QED|x86.Build.0 = Release|Any CPU
		{FE44674A-1633-4917-99F4-57635E6FA740}.Release|.NET.ActiveCfg = Release|Any CPU
		{FE44674A-1633-4917-99F4-57635E6FA740}.Release|Any CPU.ActiveCfg = Release|Any CPU
		{FE44674A-1633-4917-99F4-57635E6FA740}.Release|Any CPU.Build.0 = Release|Any CPU
		{FE44674A-1633-4917-99F4-57635E6FA740}.Release|Mixed Platforms.ActiveCfg = Release|Any CPU
		{FE44674A-1633-4917-99F4-57635E6FA740}.Release|Mixed Platforms.Build.0 = Release|Any CPU
		{FE44674A-1633-4917-99F4-57635E6FA740}.Release|x86.ActiveCfg = Release|Any CPU
		{FE44674A-1633-4917-99F4-57635E6FA740}.Release|x86.Build.0 = Release|Any CPU
		{AC9B21AE-EBC1-4A27-AD11-ED031FC7B4A2}.Checked|.NET.ActiveCfg = Release|Any CPU
		{AC9B21AE-EBC1-4A27-AD11-ED031FC7B4A2}.Checked|Any CPU.ActiveCfg = Release|Any CPU
		{AC9B21AE-EBC1-4A27-AD11-ED031FC7B4A2}.Checked|Any CPU.Build.0 = Release|Any CPU
		{AC9B21AE-EBC1-4A27-AD11-ED031FC7B4A2}.Checked|Mixed Platforms.ActiveCfg = Checked|Any CPU
		{AC9B21AE-EBC1-4A27-AD11-ED031FC7B4A2}.Checked|Mixed Platforms.Build.0 = Checked|Any CPU
		{AC9B21AE-EBC1-4A27-AD11-ED031FC7B4A2}.Checked|x86.ActiveCfg = Checked|Any CPU
		{AC9B21AE-EBC1-4A27-AD11-ED031FC7B4A2}.Checked|x86.Build.0 = Checked|Any CPU
		{AC9B21AE-EBC1-4A27-AD11-ED031FC7B4A2}.Debug|.NET.ActiveCfg = Debug|Any CPU
		{AC9B21AE-EBC1-4A27-AD11-ED031FC7B4A2}.Debug|Any CPU.ActiveCfg = Debug|Any CPU
		{AC9B21AE-EBC1-4A27-AD11-ED031FC7B4A2}.Debug|Any CPU.Build.0 = Debug|Any CPU
		{AC9B21AE-EBC1-4A27-AD11-ED031FC7B4A2}.Debug|Mixed Platforms.ActiveCfg = Debug|Any CPU
		{AC9B21AE-EBC1-4A27-AD11-ED031FC7B4A2}.Debug|Mixed Platforms.Build.0 = Debug|Any CPU
		{AC9B21AE-EBC1-4A27-AD11-ED031FC7B4A2}.Debug|x86.ActiveCfg = Debug|Any CPU
		{AC9B21AE-EBC1-4A27-AD11-ED031FC7B4A2}.Debug|x86.Build.0 = Debug|Any CPU
		{AC9B21AE-EBC1-4A27-AD11-ED031FC7B4A2}.QED|.NET.ActiveCfg = Debug|Any CPU
		{AC9B21AE-EBC1-4A27-AD11-ED031FC7B4A2}.QED|.NET.Build.0 = Debug|Any CPU
		{AC9B21AE-EBC1-4A27-AD11-ED031FC7B4A2}.QED|Any CPU.ActiveCfg = Debug|Any CPU
		{AC9B21AE-EBC1-4A27-AD11-ED031FC7B4A2}.QED|Any CPU.Build.0 = Debug|Any CPU
		{AC9B21AE-EBC1-4A27-AD11-ED031FC7B4A2}.QED|Mixed Platforms.ActiveCfg = Debug|Any CPU
		{AC9B21AE-EBC1-4A27-AD11-ED031FC7B4A2}.QED|Mixed Platforms.Build.0 = Debug|Any CPU
		{AC9B21AE-EBC1-4A27-AD11-ED031FC7B4A2}.QED|x86.ActiveCfg = Debug|Any CPU
		{AC9B21AE-EBC1-4A27-AD11-ED031FC7B4A2}.QED|x86.Build.0 = Debug|Any CPU
		{AC9B21AE-EBC1-4A27-AD11-ED031FC7B4A2}.Release|.NET.ActiveCfg = Release|Any CPU
		{AC9B21AE-EBC1-4A27-AD11-ED031FC7B4A2}.Release|Any CPU.ActiveCfg = Release|Any CPU
		{AC9B21AE-EBC1-4A27-AD11-ED031FC7B4A2}.Release|Any CPU.Build.0 = Release|Any CPU
		{AC9B21AE-EBC1-4A27-AD11-ED031FC7B4A2}.Release|Mixed Platforms.ActiveCfg = Release|Any CPU
		{AC9B21AE-EBC1-4A27-AD11-ED031FC7B4A2}.Release|Mixed Platforms.Build.0 = Release|Any CPU
		{AC9B21AE-EBC1-4A27-AD11-ED031FC7B4A2}.Release|x86.ActiveCfg = Release|Any CPU
		{AC9B21AE-EBC1-4A27-AD11-ED031FC7B4A2}.Release|x86.Build.0 = Release|Any CPU
		{3E2944E9-3E1D-4E03-A881-FB04A7A6ED67}.Checked|.NET.ActiveCfg = Release|Any CPU
		{3E2944E9-3E1D-4E03-A881-FB04A7A6ED67}.Checked|Any CPU.ActiveCfg = Release|Any CPU
		{3E2944E9-3E1D-4E03-A881-FB04A7A6ED67}.Checked|Any CPU.Build.0 = Release|Any CPU
		{3E2944E9-3E1D-4E03-A881-FB04A7A6ED67}.Checked|Mixed Platforms.ActiveCfg = Release|Any CPU
		{3E2944E9-3E1D-4E03-A881-FB04A7A6ED67}.Checked|Mixed Platforms.Build.0 = Release|Any CPU
		{3E2944E9-3E1D-4E03-A881-FB04A7A6ED67}.Checked|x86.ActiveCfg = Debug|Any CPU
		{3E2944E9-3E1D-4E03-A881-FB04A7A6ED67}.Checked|x86.Build.0 = Debug|Any CPU
		{3E2944E9-3E1D-4E03-A881-FB04A7A6ED67}.Debug|.NET.ActiveCfg = Debug|Any CPU
		{3E2944E9-3E1D-4E03-A881-FB04A7A6ED67}.Debug|Any CPU.ActiveCfg = Debug|Any CPU
		{3E2944E9-3E1D-4E03-A881-FB04A7A6ED67}.Debug|Any CPU.Build.0 = Debug|Any CPU
		{3E2944E9-3E1D-4E03-A881-FB04A7A6ED67}.Debug|Mixed Platforms.ActiveCfg = Debug|Any CPU
		{3E2944E9-3E1D-4E03-A881-FB04A7A6ED67}.Debug|Mixed Platforms.Build.0 = Debug|Any CPU
		{3E2944E9-3E1D-4E03-A881-FB04A7A6ED67}.Debug|x86.ActiveCfg = Debug|Any CPU
		{3E2944E9-3E1D-4E03-A881-FB04A7A6ED67}.Debug|x86.Build.0 = Debug|Any CPU
		{3E2944E9-3E1D-4E03-A881-FB04A7A6ED67}.QED|.NET.ActiveCfg = Debug|Any CPU
		{3E2944E9-3E1D-4E03-A881-FB04A7A6ED67}.QED|.NET.Build.0 = Debug|Any CPU
		{3E2944E9-3E1D-4E03-A881-FB04A7A6ED67}.QED|Any CPU.ActiveCfg = Debug|Any CPU
		{3E2944E9-3E1D-4E03-A881-FB04A7A6ED67}.QED|Any CPU.Build.0 = Debug|Any CPU
		{3E2944E9-3E1D-4E03-A881-FB04A7A6ED67}.QED|Mixed Platforms.ActiveCfg = Debug|Any CPU
		{3E2944E9-3E1D-4E03-A881-FB04A7A6ED67}.QED|Mixed Platforms.Build.0 = Debug|Any CPU
		{3E2944E9-3E1D-4E03-A881-FB04A7A6ED67}.QED|x86.ActiveCfg = Debug|Any CPU
		{3E2944E9-3E1D-4E03-A881-FB04A7A6ED67}.QED|x86.Build.0 = Debug|Any CPU
		{3E2944E9-3E1D-4E03-A881-FB04A7A6ED67}.Release|.NET.ActiveCfg = Release|Any CPU
		{3E2944E9-3E1D-4E03-A881-FB04A7A6ED67}.Release|Any CPU.ActiveCfg = Release|Any CPU
		{3E2944E9-3E1D-4E03-A881-FB04A7A6ED67}.Release|Any CPU.Build.0 = Release|Any CPU
		{3E2944E9-3E1D-4E03-A881-FB04A7A6ED67}.Release|Mixed Platforms.ActiveCfg = Release|Any CPU
		{3E2944E9-3E1D-4E03-A881-FB04A7A6ED67}.Release|Mixed Platforms.Build.0 = Release|Any CPU
		{3E2944E9-3E1D-4E03-A881-FB04A7A6ED67}.Release|x86.ActiveCfg = Release|Any CPU
		{3E2944E9-3E1D-4E03-A881-FB04A7A6ED67}.Release|x86.Build.0 = Release|Any CPU
		{FA2BCD62-F1B0-40E2-9126-52F4E3C800C0}.Checked|.NET.ActiveCfg = Release|Any CPU
		{FA2BCD62-F1B0-40E2-9126-52F4E3C800C0}.Checked|.NET.Build.0 = Release|Any CPU
		{FA2BCD62-F1B0-40E2-9126-52F4E3C800C0}.Checked|Any CPU.ActiveCfg = Release|Any CPU
		{FA2BCD62-F1B0-40E2-9126-52F4E3C800C0}.Checked|Any CPU.Build.0 = Release|Any CPU
		{FA2BCD62-F1B0-40E2-9126-52F4E3C800C0}.Checked|Mixed Platforms.ActiveCfg = Release|Any CPU
		{FA2BCD62-F1B0-40E2-9126-52F4E3C800C0}.Checked|Mixed Platforms.Build.0 = Release|Any CPU
		{FA2BCD62-F1B0-40E2-9126-52F4E3C800C0}.Checked|x86.ActiveCfg = Release|Any CPU
		{FA2BCD62-F1B0-40E2-9126-52F4E3C800C0}.Checked|x86.Build.0 = Release|Any CPU
		{FA2BCD62-F1B0-40E2-9126-52F4E3C800C0}.Debug|.NET.ActiveCfg = Debug|Any CPU
		{FA2BCD62-F1B0-40E2-9126-52F4E3C800C0}.Debug|.NET.Build.0 = Debug|Any CPU
		{FA2BCD62-F1B0-40E2-9126-52F4E3C800C0}.Debug|Any CPU.ActiveCfg = Debug|Any CPU
		{FA2BCD62-F1B0-40E2-9126-52F4E3C800C0}.Debug|Any CPU.Build.0 = Debug|Any CPU
		{FA2BCD62-F1B0-40E2-9126-52F4E3C800C0}.Debug|Mixed Platforms.ActiveCfg = Debug|Any CPU
		{FA2BCD62-F1B0-40E2-9126-52F4E3C800C0}.Debug|Mixed Platforms.Build.0 = Debug|Any CPU
		{FA2BCD62-F1B0-40E2-9126-52F4E3C800C0}.Debug|x86.ActiveCfg = Debug|Any CPU
		{FA2BCD62-F1B0-40E2-9126-52F4E3C800C0}.Debug|x86.Build.0 = Debug|Any CPU
		{FA2BCD62-F1B0-40E2-9126-52F4E3C800C0}.QED|.NET.ActiveCfg = Release|Any CPU
		{FA2BCD62-F1B0-40E2-9126-52F4E3C800C0}.QED|.NET.Build.0 = Release|Any CPU
		{FA2BCD62-F1B0-40E2-9126-52F4E3C800C0}.QED|Any CPU.ActiveCfg = Release|Any CPU
		{FA2BCD62-F1B0-40E2-9126-52F4E3C800C0}.QED|Any CPU.Build.0 = Release|Any CPU
		{FA2BCD62-F1B0-40E2-9126-52F4E3C800C0}.QED|Mixed Platforms.ActiveCfg = Release|Any CPU
		{FA2BCD62-F1B0-40E2-9126-52F4E3C800C0}.QED|Mixed Platforms.Build.0 = Release|Any CPU
		{FA2BCD62-F1B0-40E2-9126-52F4E3C800C0}.QED|x86.ActiveCfg = Release|Any CPU
		{FA2BCD62-F1B0-40E2-9126-52F4E3C800C0}.QED|x86.Build.0 = Release|Any CPU
		{FA2BCD62-F1B0-40E2-9126-52F4E3C800C0}.Release|.NET.ActiveCfg = Release|Any CPU
		{FA2BCD62-F1B0-40E2-9126-52F4E3C800C0}.Release|.NET.Build.0 = Release|Any CPU
		{FA2BCD62-F1B0-40E2-9126-52F4E3C800C0}.Release|Any CPU.ActiveCfg = Release|Any CPU
		{FA2BCD62-F1B0-40E2-9126-52F4E3C800C0}.Release|Any CPU.Build.0 = Release|Any CPU
		{FA2BCD62-F1B0-40E2-9126-52F4E3C800C0}.Release|Mixed Platforms.ActiveCfg = Release|Any CPU
		{FA2BCD62-F1B0-40E2-9126-52F4E3C800C0}.Release|Mixed Platforms.Build.0 = Release|Any CPU
		{FA2BCD62-F1B0-40E2-9126-52F4E3C800C0}.Release|x86.ActiveCfg = Release|Any CPU
		{FA2BCD62-F1B0-40E2-9126-52F4E3C800C0}.Release|x86.Build.0 = Release|Any CPU
		{77557DEF-2ECB-49B6-B51D-7344E4E2E248}.Checked|.NET.ActiveCfg = Debug|Any CPU
		{77557DEF-2ECB-49B6-B51D-7344E4E2E248}.Checked|.NET.Build.0 = Debug|Any CPU
		{77557DEF-2ECB-49B6-B51D-7344E4E2E248}.Checked|Any CPU.ActiveCfg = Debug|Any CPU
		{77557DEF-2ECB-49B6-B51D-7344E4E2E248}.Checked|Any CPU.Build.0 = Debug|Any CPU
		{77557DEF-2ECB-49B6-B51D-7344E4E2E248}.Checked|Mixed Platforms.ActiveCfg = Debug|Any CPU
		{77557DEF-2ECB-49B6-B51D-7344E4E2E248}.Checked|Mixed Platforms.Build.0 = Debug|Any CPU
		{77557DEF-2ECB-49B6-B51D-7344E4E2E248}.Checked|x86.ActiveCfg = Debug|Any CPU
		{77557DEF-2ECB-49B6-B51D-7344E4E2E248}.Checked|x86.Build.0 = Debug|Any CPU
		{77557DEF-2ECB-49B6-B51D-7344E4E2E248}.Debug|.NET.ActiveCfg = Debug|Any CPU
		{77557DEF-2ECB-49B6-B51D-7344E4E2E248}.Debug|.NET.Build.0 = Debug|Any CPU
		{77557DEF-2ECB-49B6-B51D-7344E4E2E248}.Debug|Any CPU.ActiveCfg = Debug|Any CPU
		{77557DEF-2ECB-49B6-B51D-7344E4E2E248}.Debug|Any CPU.Build.0 = Debug|Any CPU
		{77557DEF-2ECB-49B6-B51D-7344E4E2E248}.Debug|Mixed Platforms.ActiveCfg = Debug|Any CPU
		{77557DEF-2ECB-49B6-B51D-7344E4E2E248}.Debug|Mixed Platforms.Build.0 = Debug|Any CPU
		{77557DEF-2ECB-49B6-B51D-7344E4E2E248}.Debug|x86.ActiveCfg = Debug|Any CPU
		{77557DEF-2ECB-49B6-B51D-7344E4E2E248}.Debug|x86.Build.0 = Debug|Any CPU
		{77557DEF-2ECB-49B6-B51D-7344E4E2E248}.QED|.NET.ActiveCfg = Debug|Any CPU
		{77557DEF-2ECB-49B6-B51D-7344E4E2E248}.QED|.NET.Build.0 = Debug|Any CPU
		{77557DEF-2ECB-49B6-B51D-7344E4E2E248}.QED|Any CPU.ActiveCfg = Debug|Any CPU
		{77557DEF-2ECB-49B6-B51D-7344E4E2E248}.QED|Any CPU.Build.0 = Debug|Any CPU
		{77557DEF-2ECB-49B6-B51D-7344E4E2E248}.QED|Mixed Platforms.ActiveCfg = Debug|Any CPU
		{77557DEF-2ECB-49B6-B51D-7344E4E2E248}.QED|Mixed Platforms.Build.0 = Debug|Any CPU
		{77557DEF-2ECB-49B6-B51D-7344E4E2E248}.QED|x86.ActiveCfg = Debug|Any CPU
		{77557DEF-2ECB-49B6-B51D-7344E4E2E248}.QED|x86.Build.0 = Debug|Any CPU
		{77557DEF-2ECB-49B6-B51D-7344E4E2E248}.Release|.NET.ActiveCfg = Release|Any CPU
		{77557DEF-2ECB-49B6-B51D-7344E4E2E248}.Release|.NET.Build.0 = Release|Any CPU
		{77557DEF-2ECB-49B6-B51D-7344E4E2E248}.Release|Any CPU.ActiveCfg = Release|Any CPU
		{77557DEF-2ECB-49B6-B51D-7344E4E2E248}.Release|Any CPU.Build.0 = Release|Any CPU
		{77557DEF-2ECB-49B6-B51D-7344E4E2E248}.Release|Mixed Platforms.ActiveCfg = Release|Any CPU
		{77557DEF-2ECB-49B6-B51D-7344E4E2E248}.Release|Mixed Platforms.Build.0 = Release|Any CPU
		{77557DEF-2ECB-49B6-B51D-7344E4E2E248}.Release|x86.ActiveCfg = Release|Any CPU
		{77557DEF-2ECB-49B6-B51D-7344E4E2E248}.Release|x86.Build.0 = Release|Any CPU
		{01B9371F-18AC-4460-8854-034DA18B6C86}.Checked|.NET.ActiveCfg = Debug|Any CPU
		{01B9371F-18AC-4460-8854-034DA18B6C86}.Checked|.NET.Build.0 = Debug|Any CPU
		{01B9371F-18AC-4460-8854-034DA18B6C86}.Checked|Any CPU.ActiveCfg = Debug|Any CPU
		{01B9371F-18AC-4460-8854-034DA18B6C86}.Checked|Any CPU.Build.0 = Debug|Any CPU
		{01B9371F-18AC-4460-8854-034DA18B6C86}.Checked|Mixed Platforms.ActiveCfg = Debug|Any CPU
		{01B9371F-18AC-4460-8854-034DA18B6C86}.Checked|Mixed Platforms.Build.0 = Debug|Any CPU
		{01B9371F-18AC-4460-8854-034DA18B6C86}.Checked|x86.ActiveCfg = Debug|Any CPU
		{01B9371F-18AC-4460-8854-034DA18B6C86}.Checked|x86.Build.0 = Debug|Any CPU
		{01B9371F-18AC-4460-8854-034DA18B6C86}.Debug|.NET.ActiveCfg = Debug|Any CPU
		{01B9371F-18AC-4460-8854-034DA18B6C86}.Debug|.NET.Build.0 = Debug|Any CPU
		{01B9371F-18AC-4460-8854-034DA18B6C86}.Debug|Any CPU.ActiveCfg = Debug|Any CPU
		{01B9371F-18AC-4460-8854-034DA18B6C86}.Debug|Any CPU.Build.0 = Debug|Any CPU
		{01B9371F-18AC-4460-8854-034DA18B6C86}.Debug|Mixed Platforms.ActiveCfg = Debug|Any CPU
		{01B9371F-18AC-4460-8854-034DA18B6C86}.Debug|Mixed Platforms.Build.0 = Debug|Any CPU
		{01B9371F-18AC-4460-8854-034DA18B6C86}.Debug|x86.ActiveCfg = Debug|Any CPU
		{01B9371F-18AC-4460-8854-034DA18B6C86}.Debug|x86.Build.0 = Debug|Any CPU
		{01B9371F-18AC-4460-8854-034DA18B6C86}.QED|.NET.ActiveCfg = Debug|Any CPU
		{01B9371F-18AC-4460-8854-034DA18B6C86}.QED|.NET.Build.0 = Debug|Any CPU
		{01B9371F-18AC-4460-8854-034DA18B6C86}.QED|Any CPU.ActiveCfg = Debug|Any CPU
		{01B9371F-18AC-4460-8854-034DA18B6C86}.QED|Any CPU.Build.0 = Debug|Any CPU
		{01B9371F-18AC-4460-8854-034DA18B6C86}.QED|Mixed Platforms.ActiveCfg = Debug|Any CPU
		{01B9371F-18AC-4460-8854-034DA18B6C86}.QED|Mixed Platforms.Build.0 = Debug|Any CPU
		{01B9371F-18AC-4460-8854-034DA18B6C86}.QED|x86.ActiveCfg = Debug|Any CPU
		{01B9371F-18AC-4460-8854-034DA18B6C86}.QED|x86.Build.0 = Debug|Any CPU
		{01B9371F-18AC-4460-8854-034DA18B6C86}.Release|.NET.ActiveCfg = Release|Any CPU
		{01B9371F-18AC-4460-8854-034DA18B6C86}.Release|.NET.Build.0 = Release|Any CPU
		{01B9371F-18AC-4460-8854-034DA18B6C86}.Release|Any CPU.ActiveCfg = Release|Any CPU
		{01B9371F-18AC-4460-8854-034DA18B6C86}.Release|Any CPU.Build.0 = Release|Any CPU
		{01B9371F-18AC-4460-8854-034DA18B6C86}.Release|Mixed Platforms.ActiveCfg = Release|Any CPU
		{01B9371F-18AC-4460-8854-034DA18B6C86}.Release|Mixed Platforms.Build.0 = Release|Any CPU
		{01B9371F-18AC-4460-8854-034DA18B6C86}.Release|x86.ActiveCfg = Release|Any CPU
		{01B9371F-18AC-4460-8854-034DA18B6C86}.Release|x86.Build.0 = Release|Any CPU
		{6D4E722B-FC78-4989-A239-13887C8751F2}.Checked|.NET.ActiveCfg = Release|Any CPU
		{6D4E722B-FC78-4989-A239-13887C8751F2}.Checked|.NET.Build.0 = Release|Any CPU
		{6D4E722B-FC78-4989-A239-13887C8751F2}.Checked|Any CPU.ActiveCfg = Release|Any CPU
		{6D4E722B-FC78-4989-A239-13887C8751F2}.Checked|Any CPU.Build.0 = Release|Any CPU
		{6D4E722B-FC78-4989-A239-13887C8751F2}.Checked|Mixed Platforms.ActiveCfg = Release|Any CPU
		{6D4E722B-FC78-4989-A239-13887C8751F2}.Checked|Mixed Platforms.Build.0 = Release|Any CPU
		{6D4E722B-FC78-4989-A239-13887C8751F2}.Checked|x86.ActiveCfg = Release|Any CPU
		{6D4E722B-FC78-4989-A239-13887C8751F2}.Checked|x86.Build.0 = Release|Any CPU
		{6D4E722B-FC78-4989-A239-13887C8751F2}.Debug|.NET.ActiveCfg = Debug|Any CPU
		{6D4E722B-FC78-4989-A239-13887C8751F2}.Debug|.NET.Build.0 = Debug|Any CPU
		{6D4E722B-FC78-4989-A239-13887C8751F2}.Debug|Any CPU.ActiveCfg = Debug|Any CPU
		{6D4E722B-FC78-4989-A239-13887C8751F2}.Debug|Any CPU.Build.0 = Debug|Any CPU
		{6D4E722B-FC78-4989-A239-13887C8751F2}.Debug|Mixed Platforms.ActiveCfg = Debug|Any CPU
		{6D4E722B-FC78-4989-A239-13887C8751F2}.Debug|Mixed Platforms.Build.0 = Debug|Any CPU
		{6D4E722B-FC78-4989-A239-13887C8751F2}.Debug|x86.ActiveCfg = Debug|Any CPU
		{6D4E722B-FC78-4989-A239-13887C8751F2}.Debug|x86.Build.0 = Debug|Any CPU
		{6D4E722B-FC78-4989-A239-13887C8751F2}.QED|.NET.ActiveCfg = Release|Any CPU
		{6D4E722B-FC78-4989-A239-13887C8751F2}.QED|.NET.Build.0 = Release|Any CPU
		{6D4E722B-FC78-4989-A239-13887C8751F2}.QED|Any CPU.ActiveCfg = Release|Any CPU
		{6D4E722B-FC78-4989-A239-13887C8751F2}.QED|Any CPU.Build.0 = Release|Any CPU
		{6D4E722B-FC78-4989-A239-13887C8751F2}.QED|Mixed Platforms.ActiveCfg = Release|Any CPU
		{6D4E722B-FC78-4989-A239-13887C8751F2}.QED|Mixed Platforms.Build.0 = Release|Any CPU
		{6D4E722B-FC78-4989-A239-13887C8751F2}.QED|x86.ActiveCfg = Release|Any CPU
		{6D4E722B-FC78-4989-A239-13887C8751F2}.QED|x86.Build.0 = Release|Any CPU
		{6D4E722B-FC78-4989-A239-13887C8751F2}.Release|.NET.ActiveCfg = Release|Any CPU
		{6D4E722B-FC78-4989-A239-13887C8751F2}.Release|.NET.Build.0 = Release|Any CPU
		{6D4E722B-FC78-4989-A239-13887C8751F2}.Release|Any CPU.ActiveCfg = Release|Any CPU
		{6D4E722B-FC78-4989-A239-13887C8751F2}.Release|Any CPU.Build.0 = Release|Any CPU
		{6D4E722B-FC78-4989-A239-13887C8751F2}.Release|Mixed Platforms.ActiveCfg = Release|Any CPU
		{6D4E722B-FC78-4989-A239-13887C8751F2}.Release|Mixed Platforms.Build.0 = Release|Any CPU
		{6D4E722B-FC78-4989-A239-13887C8751F2}.Release|x86.ActiveCfg = Release|Any CPU
		{6D4E722B-FC78-4989-A239-13887C8751F2}.Release|x86.Build.0 = Release|Any CPU
	EndGlobalSection
	GlobalSection(SolutionProperties) = preSolution
		HideSolutionNode = FALSE
	EndGlobalSection
	GlobalSection(NestedProjects) = preSolution
		{63400D1F-05B2-453E-9592-1EAB74B2C9CC} = {CEEAD6CB-D3C5-442A-9198-9E27E39DE871}
		{FE44674A-1633-4917-99F4-57635E6FA740} = {CEEAD6CB-D3C5-442A-9198-9E27E39DE871}
		{AC9B21AE-EBC1-4A27-AD11-ED031FC7B4A2} = {CEEAD6CB-D3C5-442A-9198-9E27E39DE871}
		{3E2944E9-3E1D-4E03-A881-FB04A7A6ED67} = {CEEAD6CB-D3C5-442A-9198-9E27E39DE871}
		{FA2BCD62-F1B0-40E2-9126-52F4E3C800C0} = {CEEAD6CB-D3C5-442A-9198-9E27E39DE871}
		{77557DEF-2ECB-49B6-B51D-7344E4E2E248} = {CEEAD6CB-D3C5-442A-9198-9E27E39DE871}
	EndGlobalSection
	GlobalSection(ExtensibilityGlobals) = postSolution
		SolutionGuid = {99B9F147-1557-41C6-883E-E773DA068F27}
	EndGlobalSection
EndGlobal
