
Microsoft Visual Studio Solution File, Format Version 12.00
# Visual Studio 15
VisualStudioVersion = 15.0.28307.852
MinimumVisualStudioVersion = 10.0.40219.1
Project("{FAE04EC0-301F-11D3-BF4B-00C04F79EFBC}") = "DafnyDriver", "DafnyDriver\DafnyDriver.csproj", "{63400D1F-05B2-453E-9592-1EAB74B2C9CC}"
EndProject
Project("{FAE04EC0-301F-11D3-BF4B-00C04F79EFBC}") = "DafnyPipeline", "Dafny\DafnyPipeline.csproj", "{FE44674A-1633-4917-99F4-57635E6FA740}"
EndProject
Project("{FAE04EC0-301F-11D3-BF4B-00C04F79EFBC}") = "DafnyServer", "DafnyServer\DafnyServer.csproj", "{AC9B21AE-EBC1-4A27-AD11-ED031FC7B4A2}"
	ProjectSection(ProjectDependencies) = postProject
		{FE44674A-1633-4917-99F4-57635E6FA740} = {FE44674A-1633-4917-99F4-57635E6FA740}
	EndProjectSection
EndProject
Project("{FAE04EC0-301F-11D3-BF4B-00C04F79EFBC}") = "DafnyRuntime", "DafnyRuntime\DafnyRuntime.csproj", "{3E2944E9-3E1D-4E03-A881-FB04A7A6ED67}"
EndProject
Project("{9A19103F-16F7-4668-BE54-9A1E7A4F7556}") = "DafnyLanguageServer", "DafnyLanguageServer\DafnyLanguageServer.csproj", "{D89F4748-A7B8-491F-9C8F-4B8C90326200}"
EndProject
Project("{2150E333-8FDC-42A3-9474-1A3956D46DE8}") = "Dafny", "Dafny", "{CEEAD6CB-D3C5-442A-9198-9E27E39DE871}"
EndProject
Project("{2150E333-8FDC-42A3-9474-1A3956D46DE8}") = "Boogie", "Boogie", "{BE1872CB-8526-4CDC-9FB3-3A84270BB4B0}"
EndProject
Project("{9A19103F-16F7-4668-BE54-9A1E7A4F7556}") = "AbsInt-NetCore", "..\..\boogie\Source\AbsInt\AbsInt-NetCore.csproj", "{BCAD7F79-5EB7-497F-9D9A-E7A9BBE04276}"
EndProject
Project("{9A19103F-16F7-4668-BE54-9A1E7A4F7556}") = "AIFramework-NetCore", "..\..\boogie\Source\AIFramework\AIFramework-NetCore.csproj", "{A8C2F880-B94A-4438-96CE-D7DEFEE33A2C}"
EndProject
Project("{9A19103F-16F7-4668-BE54-9A1E7A4F7556}") = "Basetypes-NetCore", "..\..\boogie\Source\Basetypes\Basetypes-NetCore.csproj", "{F4D924F1-6086-4426-8C46-A6AC569B25CE}"
EndProject
Project("{9A19103F-16F7-4668-BE54-9A1E7A4F7556}") = "BoogieDriver-NetCore", "..\..\boogie\Source\BoogieDriver\BoogieDriver-NetCore.csproj", "{07166506-FDE8-43E0-AC51-A307E2EC6BC9}"
EndProject
Project("{9A19103F-16F7-4668-BE54-9A1E7A4F7556}") = "CodeContractsExtender-NetCore", "..\..\boogie\Source\CodeContractsExtender\CodeContractsExtender-NetCore.csproj", "{58831149-63AB-4531-BE45-60F97CDCC48E}"
EndProject
Project("{9A19103F-16F7-4668-BE54-9A1E7A4F7556}") = "Concurrency-NetCore", "..\..\boogie\Source\Concurrency\Concurrency-NetCore.csproj", "{9DE0DFB0-842A-42A1-A020-7CA22C963FAC}"
EndProject
Project("{9A19103F-16F7-4668-BE54-9A1E7A4F7556}") = "Core-NetCore", "..\..\boogie\Source\Core\Core-NetCore.csproj", "{FD6583E0-0283-428B-95E2-320C2369A7FE}"
EndProject
Project("{9A19103F-16F7-4668-BE54-9A1E7A4F7556}") = "Doomed-NetCore", "..\..\boogie\Source\Doomed\Doomed-NetCore.csproj", "{46F60772-B769-4AD8-A81B-121E1457FBED}"
EndProject
Project("{9A19103F-16F7-4668-BE54-9A1E7A4F7556}") = "ExecutionEngine-NetCore", "..\..\boogie\Source\ExecutionEngine\ExecutionEngine-NetCore.csproj", "{D3E8DFF1-08F8-41E6-B0B1-E2CC7F2D998C}"
EndProject
Project("{9A19103F-16F7-4668-BE54-9A1E7A4F7556}") = "Graph-NetCore", "..\..\boogie\Source\Graph\Graph-NetCore.csproj", "{FEF01BB3-A916-4ECF-BA24-BC2B6E6ADC8D}"
EndProject
Project("{9A19103F-16F7-4668-BE54-9A1E7A4F7556}") = "Houdini-NetCore", "..\..\boogie\Source\Houdini\Houdini-NetCore.csproj", "{5AD00F00-5DDD-43AD-83A4-8D1763B29CD4}"
EndProject
Project("{9A19103F-16F7-4668-BE54-9A1E7A4F7556}") = "Model-NetCore", "..\..\boogie\Source\Model\Model-NetCore.csproj", "{45678B56-C89C-4A40-8F21-993B7567D0F3}"
EndProject
Project("{9A19103F-16F7-4668-BE54-9A1E7A4F7556}") = "ParserHelper-NetCore", "..\..\boogie\Source\ParserHelper\ParserHelper-NetCore.csproj", "{8986BF1C-6905-4BC6-8AA5-6E5C524937AC}"
EndProject
Project("{9A19103F-16F7-4668-BE54-9A1E7A4F7556}") = "Predication-NetCore", "..\..\boogie\Source\Predication\Predication-NetCore.csproj", "{5C99A049-7A5A-49E0-AEA5-5EB10AFCCC50}"
EndProject
Project("{9A19103F-16F7-4668-BE54-9A1E7A4F7556}") = "SMTLib-NetCore", "..\..\boogie\Source\Provers\SMTLib\SMTLib-NetCore.csproj", "{5F6E3547-EF06-47D2-A2BC-4CEAF2696DE7}"
EndProject
Project("{2150E333-8FDC-42A3-9474-1A3956D46DE8}") = "Provers", "Provers", "{67B5ACFE-B81E-4E44-885C-BF33D55E2A97}"
EndProject
Project("{9A19103F-16F7-4668-BE54-9A1E7A4F7556}") = "VCExpr-NetCore", "..\..\boogie\Source\VCExpr\VCExpr-NetCore.csproj", "{8F0A2C4A-A6D0-4240-AFA4-8F53FD0C1552}"
EndProject
Project("{9A19103F-16F7-4668-BE54-9A1E7A4F7556}") = "VCGeneration-NetCore", "..\..\boogie\Source\VCGeneration\VCGeneration-NetCore.csproj", "{B38FA04C-F6F2-40C6-98F3-D556682AC012}"
EndProject
Global
	GlobalSection(SolutionConfigurationPlatforms) = preSolution
		Checked|.NET = Checked|.NET
		Checked|Any CPU = Checked|Any CPU
		Checked|Mixed Platforms = Checked|Mixed Platforms
		Checked|x86 = Checked|x86
		Debug|.NET = Debug|.NET
		Debug|Any CPU = Debug|Any CPU
		Debug|Mixed Platforms = Debug|Mixed Platforms
		Debug|x86 = Debug|x86
		QED|.NET = QED|.NET
		QED|Any CPU = QED|Any CPU
		QED|Mixed Platforms = QED|Mixed Platforms
		QED|x86 = QED|x86
		Release|.NET = Release|.NET
		Release|Any CPU = Release|Any CPU
		Release|Mixed Platforms = Release|Mixed Platforms
		Release|x86 = Release|x86
	EndGlobalSection
	GlobalSection(ProjectConfigurationPlatforms) = postSolution
		{63400D1F-05B2-453E-9592-1EAB74B2C9CC}.Checked|.NET.ActiveCfg = Checked|Any CPU
		{63400D1F-05B2-453E-9592-1EAB74B2C9CC}.Checked|.NET.Build.0 = Checked|Any CPU
		{63400D1F-05B2-453E-9592-1EAB74B2C9CC}.Checked|Any CPU.ActiveCfg = Debug|Any CPU
		{63400D1F-05B2-453E-9592-1EAB74B2C9CC}.Checked|Any CPU.Build.0 = Debug|Any CPU
		{63400D1F-05B2-453E-9592-1EAB74B2C9CC}.Checked|Mixed Platforms.ActiveCfg = Checked|Any CPU
		{63400D1F-05B2-453E-9592-1EAB74B2C9CC}.Checked|Mixed Platforms.Build.0 = Checked|Any CPU
		{63400D1F-05B2-453E-9592-1EAB74B2C9CC}.Checked|x86.ActiveCfg = Checked|Any CPU
		{63400D1F-05B2-453E-9592-1EAB74B2C9CC}.Checked|x86.Build.0 = Checked|Any CPU
		{63400D1F-05B2-453E-9592-1EAB74B2C9CC}.Debug|.NET.ActiveCfg = Debug|Any CPU
		{63400D1F-05B2-453E-9592-1EAB74B2C9CC}.Debug|.NET.Build.0 = Debug|Any CPU
		{63400D1F-05B2-453E-9592-1EAB74B2C9CC}.Debug|Any CPU.ActiveCfg = Debug|Any CPU
		{63400D1F-05B2-453E-9592-1EAB74B2C9CC}.Debug|Any CPU.Build.0 = Debug|Any CPU
		{63400D1F-05B2-453E-9592-1EAB74B2C9CC}.Debug|Mixed Platforms.ActiveCfg = Debug|Any CPU
		{63400D1F-05B2-453E-9592-1EAB74B2C9CC}.Debug|Mixed Platforms.Build.0 = Debug|Any CPU
		{63400D1F-05B2-453E-9592-1EAB74B2C9CC}.Debug|x86.ActiveCfg = Debug|Any CPU
		{63400D1F-05B2-453E-9592-1EAB74B2C9CC}.Debug|x86.Build.0 = Debug|Any CPU
		{63400D1F-05B2-453E-9592-1EAB74B2C9CC}.QED|.NET.ActiveCfg = Release|Any CPU
		{63400D1F-05B2-453E-9592-1EAB74B2C9CC}.QED|.NET.Build.0 = Release|Any CPU
		{63400D1F-05B2-453E-9592-1EAB74B2C9CC}.QED|Any CPU.ActiveCfg = Release|Any CPU
		{63400D1F-05B2-453E-9592-1EAB74B2C9CC}.QED|Any CPU.Build.0 = Release|Any CPU
		{63400D1F-05B2-453E-9592-1EAB74B2C9CC}.QED|Mixed Platforms.ActiveCfg = Release|Any CPU
		{63400D1F-05B2-453E-9592-1EAB74B2C9CC}.QED|Mixed Platforms.Build.0 = Release|Any CPU
		{63400D1F-05B2-453E-9592-1EAB74B2C9CC}.QED|x86.ActiveCfg = Release|Any CPU
		{63400D1F-05B2-453E-9592-1EAB74B2C9CC}.QED|x86.Build.0 = Release|Any CPU
		{63400D1F-05B2-453E-9592-1EAB74B2C9CC}.Release|.NET.ActiveCfg = Release|Any CPU
		{63400D1F-05B2-453E-9592-1EAB74B2C9CC}.Release|Any CPU.ActiveCfg = Release|Any CPU
		{63400D1F-05B2-453E-9592-1EAB74B2C9CC}.Release|Any CPU.Build.0 = Release|Any CPU
		{63400D1F-05B2-453E-9592-1EAB74B2C9CC}.Release|Mixed Platforms.ActiveCfg = Release|Any CPU
		{63400D1F-05B2-453E-9592-1EAB74B2C9CC}.Release|Mixed Platforms.Build.0 = Release|Any CPU
		{63400D1F-05B2-453E-9592-1EAB74B2C9CC}.Release|x86.ActiveCfg = Release|Any CPU
		{63400D1F-05B2-453E-9592-1EAB74B2C9CC}.Release|x86.Build.0 = Release|Any CPU
		{FE44674A-1633-4917-99F4-57635E6FA740}.Checked|.NET.ActiveCfg = Checked|Any CPU
		{FE44674A-1633-4917-99F4-57635E6FA740}.Checked|.NET.Build.0 = Checked|Any CPU
		{FE44674A-1633-4917-99F4-57635E6FA740}.Checked|Any CPU.ActiveCfg = Debug|Any CPU
		{FE44674A-1633-4917-99F4-57635E6FA740}.Checked|Any CPU.Build.0 = Debug|Any CPU
		{FE44674A-1633-4917-99F4-57635E6FA740}.Checked|Mixed Platforms.ActiveCfg = Checked|Any CPU
		{FE44674A-1633-4917-99F4-57635E6FA740}.Checked|Mixed Platforms.Build.0 = Checked|Any CPU
		{FE44674A-1633-4917-99F4-57635E6FA740}.Checked|x86.ActiveCfg = Checked|Any CPU
		{FE44674A-1633-4917-99F4-57635E6FA740}.Checked|x86.Build.0 = Checked|Any CPU
		{FE44674A-1633-4917-99F4-57635E6FA740}.Debug|.NET.ActiveCfg = Debug|Any CPU
		{FE44674A-1633-4917-99F4-57635E6FA740}.Debug|.NET.Build.0 = Debug|Any CPU
		{FE44674A-1633-4917-99F4-57635E6FA740}.Debug|Any CPU.ActiveCfg = Debug|Any CPU
		{FE44674A-1633-4917-99F4-57635E6FA740}.Debug|Any CPU.Build.0 = Debug|Any CPU
		{FE44674A-1633-4917-99F4-57635E6FA740}.Debug|Mixed Platforms.ActiveCfg = Debug|Any CPU
		{FE44674A-1633-4917-99F4-57635E6FA740}.Debug|Mixed Platforms.Build.0 = Debug|Any CPU
		{FE44674A-1633-4917-99F4-57635E6FA740}.Debug|x86.ActiveCfg = Debug|Any CPU
		{FE44674A-1633-4917-99F4-57635E6FA740}.Debug|x86.Build.0 = Debug|Any CPU
		{FE44674A-1633-4917-99F4-57635E6FA740}.QED|.NET.ActiveCfg = Release|Any CPU
		{FE44674A-1633-4917-99F4-57635E6FA740}.QED|.NET.Build.0 = Release|Any CPU
		{FE44674A-1633-4917-99F4-57635E6FA740}.QED|Any CPU.ActiveCfg = Release|Any CPU
		{FE44674A-1633-4917-99F4-57635E6FA740}.QED|Any CPU.Build.0 = Release|Any CPU
		{FE44674A-1633-4917-99F4-57635E6FA740}.QED|Mixed Platforms.ActiveCfg = Release|Any CPU
		{FE44674A-1633-4917-99F4-57635E6FA740}.QED|Mixed Platforms.Build.0 = Release|Any CPU
		{FE44674A-1633-4917-99F4-57635E6FA740}.QED|x86.ActiveCfg = Release|Any CPU
		{FE44674A-1633-4917-99F4-57635E6FA740}.QED|x86.Build.0 = Release|Any CPU
		{FE44674A-1633-4917-99F4-57635E6FA740}.Release|.NET.ActiveCfg = Release|Any CPU
		{FE44674A-1633-4917-99F4-57635E6FA740}.Release|Any CPU.ActiveCfg = Release|Any CPU
		{FE44674A-1633-4917-99F4-57635E6FA740}.Release|Any CPU.Build.0 = Release|Any CPU
		{FE44674A-1633-4917-99F4-57635E6FA740}.Release|Mixed Platforms.ActiveCfg = Release|Any CPU
		{FE44674A-1633-4917-99F4-57635E6FA740}.Release|Mixed Platforms.Build.0 = Release|Any CPU
		{FE44674A-1633-4917-99F4-57635E6FA740}.Release|x86.ActiveCfg = Release|Any CPU
		{FE44674A-1633-4917-99F4-57635E6FA740}.Release|x86.Build.0 = Release|Any CPU
		{AC9B21AE-EBC1-4A27-AD11-ED031FC7B4A2}.Checked|.NET.ActiveCfg = Release|Any CPU
		{AC9B21AE-EBC1-4A27-AD11-ED031FC7B4A2}.Checked|Any CPU.ActiveCfg = Release|Any CPU
		{AC9B21AE-EBC1-4A27-AD11-ED031FC7B4A2}.Checked|Any CPU.Build.0 = Release|Any CPU
		{AC9B21AE-EBC1-4A27-AD11-ED031FC7B4A2}.Checked|Mixed Platforms.ActiveCfg = Checked|Any CPU
		{AC9B21AE-EBC1-4A27-AD11-ED031FC7B4A2}.Checked|Mixed Platforms.Build.0 = Checked|Any CPU
		{AC9B21AE-EBC1-4A27-AD11-ED031FC7B4A2}.Checked|x86.ActiveCfg = Checked|Any CPU
		{AC9B21AE-EBC1-4A27-AD11-ED031FC7B4A2}.Checked|x86.Build.0 = Checked|Any CPU
		{AC9B21AE-EBC1-4A27-AD11-ED031FC7B4A2}.Debug|.NET.ActiveCfg = Debug|Any CPU
		{AC9B21AE-EBC1-4A27-AD11-ED031FC7B4A2}.Debug|Any CPU.ActiveCfg = Debug|Any CPU
		{AC9B21AE-EBC1-4A27-AD11-ED031FC7B4A2}.Debug|Any CPU.Build.0 = Debug|Any CPU
		{AC9B21AE-EBC1-4A27-AD11-ED031FC7B4A2}.Debug|Mixed Platforms.ActiveCfg = Debug|Any CPU
		{AC9B21AE-EBC1-4A27-AD11-ED031FC7B4A2}.Debug|Mixed Platforms.Build.0 = Debug|Any CPU
		{AC9B21AE-EBC1-4A27-AD11-ED031FC7B4A2}.Debug|x86.ActiveCfg = Debug|Any CPU
		{AC9B21AE-EBC1-4A27-AD11-ED031FC7B4A2}.Debug|x86.Build.0 = Debug|Any CPU
		{AC9B21AE-EBC1-4A27-AD11-ED031FC7B4A2}.QED|.NET.ActiveCfg = Debug|Any CPU
		{AC9B21AE-EBC1-4A27-AD11-ED031FC7B4A2}.QED|.NET.Build.0 = Debug|Any CPU
		{AC9B21AE-EBC1-4A27-AD11-ED031FC7B4A2}.QED|Any CPU.ActiveCfg = Debug|Any CPU
		{AC9B21AE-EBC1-4A27-AD11-ED031FC7B4A2}.QED|Any CPU.Build.0 = Debug|Any CPU
		{AC9B21AE-EBC1-4A27-AD11-ED031FC7B4A2}.QED|Mixed Platforms.ActiveCfg = Debug|Any CPU
		{AC9B21AE-EBC1-4A27-AD11-ED031FC7B4A2}.QED|Mixed Platforms.Build.0 = Debug|Any CPU
		{AC9B21AE-EBC1-4A27-AD11-ED031FC7B4A2}.QED|x86.ActiveCfg = Debug|Any CPU
		{AC9B21AE-EBC1-4A27-AD11-ED031FC7B4A2}.QED|x86.Build.0 = Debug|Any CPU
		{AC9B21AE-EBC1-4A27-AD11-ED031FC7B4A2}.Release|.NET.ActiveCfg = Release|Any CPU
		{AC9B21AE-EBC1-4A27-AD11-ED031FC7B4A2}.Release|Any CPU.ActiveCfg = Release|Any CPU
		{AC9B21AE-EBC1-4A27-AD11-ED031FC7B4A2}.Release|Any CPU.Build.0 = Release|Any CPU
		{AC9B21AE-EBC1-4A27-AD11-ED031FC7B4A2}.Release|Mixed Platforms.ActiveCfg = Release|Any CPU
		{AC9B21AE-EBC1-4A27-AD11-ED031FC7B4A2}.Release|Mixed Platforms.Build.0 = Release|Any CPU
		{AC9B21AE-EBC1-4A27-AD11-ED031FC7B4A2}.Release|x86.ActiveCfg = Release|Any CPU
		{AC9B21AE-EBC1-4A27-AD11-ED031FC7B4A2}.Release|x86.Build.0 = Release|Any CPU
		{3E2944E9-3E1D-4E03-A881-FB04A7A6ED67}.Checked|.NET.ActiveCfg = Release|Any CPU
		{3E2944E9-3E1D-4E03-A881-FB04A7A6ED67}.Checked|Any CPU.ActiveCfg = Release|Any CPU
		{3E2944E9-3E1D-4E03-A881-FB04A7A6ED67}.Checked|Any CPU.Build.0 = Release|Any CPU
		{3E2944E9-3E1D-4E03-A881-FB04A7A6ED67}.Checked|Mixed Platforms.ActiveCfg = Release|Any CPU
		{3E2944E9-3E1D-4E03-A881-FB04A7A6ED67}.Checked|Mixed Platforms.Build.0 = Release|Any CPU
		{3E2944E9-3E1D-4E03-A881-FB04A7A6ED67}.Checked|x86.ActiveCfg = Debug|Any CPU
		{3E2944E9-3E1D-4E03-A881-FB04A7A6ED67}.Checked|x86.Build.0 = Debug|Any CPU
		{3E2944E9-3E1D-4E03-A881-FB04A7A6ED67}.Debug|.NET.ActiveCfg = Debug|Any CPU
		{3E2944E9-3E1D-4E03-A881-FB04A7A6ED67}.Debug|Any CPU.ActiveCfg = Debug|Any CPU
		{3E2944E9-3E1D-4E03-A881-FB04A7A6ED67}.Debug|Any CPU.Build.0 = Debug|Any CPU
		{3E2944E9-3E1D-4E03-A881-FB04A7A6ED67}.Debug|Mixed Platforms.ActiveCfg = Debug|Any CPU
		{3E2944E9-3E1D-4E03-A881-FB04A7A6ED67}.Debug|Mixed Platforms.Build.0 = Debug|Any CPU
		{3E2944E9-3E1D-4E03-A881-FB04A7A6ED67}.Debug|x86.ActiveCfg = Debug|Any CPU
		{3E2944E9-3E1D-4E03-A881-FB04A7A6ED67}.Debug|x86.Build.0 = Debug|Any CPU
		{3E2944E9-3E1D-4E03-A881-FB04A7A6ED67}.QED|.NET.ActiveCfg = Debug|Any CPU
		{3E2944E9-3E1D-4E03-A881-FB04A7A6ED67}.QED|.NET.Build.0 = Debug|Any CPU
		{3E2944E9-3E1D-4E03-A881-FB04A7A6ED67}.QED|Any CPU.ActiveCfg = Debug|Any CPU
		{3E2944E9-3E1D-4E03-A881-FB04A7A6ED67}.QED|Any CPU.Build.0 = Debug|Any CPU
		{3E2944E9-3E1D-4E03-A881-FB04A7A6ED67}.QED|Mixed Platforms.ActiveCfg = Debug|Any CPU
		{3E2944E9-3E1D-4E03-A881-FB04A7A6ED67}.QED|Mixed Platforms.Build.0 = Debug|Any CPU
		{3E2944E9-3E1D-4E03-A881-FB04A7A6ED67}.QED|x86.ActiveCfg = Debug|Any CPU
		{3E2944E9-3E1D-4E03-A881-FB04A7A6ED67}.QED|x86.Build.0 = Debug|Any CPU
		{3E2944E9-3E1D-4E03-A881-FB04A7A6ED67}.Release|.NET.ActiveCfg = Release|Any CPU
		{3E2944E9-3E1D-4E03-A881-FB04A7A6ED67}.Release|Any CPU.ActiveCfg = Release|Any CPU
		{3E2944E9-3E1D-4E03-A881-FB04A7A6ED67}.Release|Any CPU.Build.0 = Release|Any CPU
		{3E2944E9-3E1D-4E03-A881-FB04A7A6ED67}.Release|Mixed Platforms.ActiveCfg = Release|Any CPU
		{3E2944E9-3E1D-4E03-A881-FB04A7A6ED67}.Release|Mixed Platforms.Build.0 = Release|Any CPU
		{3E2944E9-3E1D-4E03-A881-FB04A7A6ED67}.Release|x86.ActiveCfg = Release|Any CPU
		{3E2944E9-3E1D-4E03-A881-FB04A7A6ED67}.Release|x86.Build.0 = Release|Any CPU
		{D89F4748-A7B8-491F-9C8F-4B8C90326200}.Checked|.NET.ActiveCfg = Debug|Any CPU
		{D89F4748-A7B8-491F-9C8F-4B8C90326200}.Checked|.NET.Build.0 = Debug|Any CPU
		{D89F4748-A7B8-491F-9C8F-4B8C90326200}.Checked|Any CPU.ActiveCfg = Debug|Any CPU
		{D89F4748-A7B8-491F-9C8F-4B8C90326200}.Checked|Any CPU.Build.0 = Debug|Any CPU
		{D89F4748-A7B8-491F-9C8F-4B8C90326200}.Checked|Mixed Platforms.ActiveCfg = Debug|Any CPU
		{D89F4748-A7B8-491F-9C8F-4B8C90326200}.Checked|Mixed Platforms.Build.0 = Debug|Any CPU
		{D89F4748-A7B8-491F-9C8F-4B8C90326200}.Checked|x86.ActiveCfg = Release|Any CPU
		{D89F4748-A7B8-491F-9C8F-4B8C90326200}.Checked|x86.Build.0 = Release|Any CPU
		{D89F4748-A7B8-491F-9C8F-4B8C90326200}.Debug|.NET.ActiveCfg = Debug|Any CPU
		{D89F4748-A7B8-491F-9C8F-4B8C90326200}.Debug|.NET.Build.0 = Debug|Any CPU
		{D89F4748-A7B8-491F-9C8F-4B8C90326200}.Debug|Any CPU.ActiveCfg = Debug|Any CPU
		{D89F4748-A7B8-491F-9C8F-4B8C90326200}.Debug|Any CPU.Build.0 = Debug|Any CPU
		{D89F4748-A7B8-491F-9C8F-4B8C90326200}.Debug|Mixed Platforms.ActiveCfg = Debug|Any CPU
		{D89F4748-A7B8-491F-9C8F-4B8C90326200}.Debug|Mixed Platforms.Build.0 = Debug|Any CPU
		{D89F4748-A7B8-491F-9C8F-4B8C90326200}.Debug|x86.ActiveCfg = Debug|Any CPU
		{D89F4748-A7B8-491F-9C8F-4B8C90326200}.Debug|x86.Build.0 = Debug|Any CPU
		{D89F4748-A7B8-491F-9C8F-4B8C90326200}.QED|.NET.ActiveCfg = Release|Any CPU
		{D89F4748-A7B8-491F-9C8F-4B8C90326200}.QED|.NET.Build.0 = Release|Any CPU
		{D89F4748-A7B8-491F-9C8F-4B8C90326200}.QED|Any CPU.ActiveCfg = Release|Any CPU
		{D89F4748-A7B8-491F-9C8F-4B8C90326200}.QED|Any CPU.Build.0 = Release|Any CPU
		{D89F4748-A7B8-491F-9C8F-4B8C90326200}.QED|Mixed Platforms.ActiveCfg = Release|Any CPU
		{D89F4748-A7B8-491F-9C8F-4B8C90326200}.QED|Mixed Platforms.Build.0 = Release|Any CPU
		{D89F4748-A7B8-491F-9C8F-4B8C90326200}.QED|x86.ActiveCfg = Release|Any CPU
		{D89F4748-A7B8-491F-9C8F-4B8C90326200}.QED|x86.Build.0 = Release|Any CPU
		{D89F4748-A7B8-491F-9C8F-4B8C90326200}.Release|.NET.ActiveCfg = Release|Any CPU
		{D89F4748-A7B8-491F-9C8F-4B8C90326200}.Release|.NET.Build.0 = Release|Any CPU
		{D89F4748-A7B8-491F-9C8F-4B8C90326200}.Release|Any CPU.ActiveCfg = Release|Any CPU
		{D89F4748-A7B8-491F-9C8F-4B8C90326200}.Release|Any CPU.Build.0 = Release|Any CPU
		{D89F4748-A7B8-491F-9C8F-4B8C90326200}.Release|Mixed Platforms.ActiveCfg = Release|Any CPU
		{D89F4748-A7B8-491F-9C8F-4B8C90326200}.Release|Mixed Platforms.Build.0 = Release|Any CPU
		{D89F4748-A7B8-491F-9C8F-4B8C90326200}.Release|x86.ActiveCfg = Release|Any CPU
		{D89F4748-A7B8-491F-9C8F-4B8C90326200}.Release|x86.Build.0 = Release|Any CPU
		{BCAD7F79-5EB7-497F-9D9A-E7A9BBE04276}.Checked|.NET.ActiveCfg = Debug|Any CPU
		{BCAD7F79-5EB7-497F-9D9A-E7A9BBE04276}.Checked|.NET.Build.0 = Debug|Any CPU
		{BCAD7F79-5EB7-497F-9D9A-E7A9BBE04276}.Checked|Any CPU.ActiveCfg = Debug|Any CPU
		{BCAD7F79-5EB7-497F-9D9A-E7A9BBE04276}.Checked|Any CPU.Build.0 = Debug|Any CPU
		{BCAD7F79-5EB7-497F-9D9A-E7A9BBE04276}.Checked|Mixed Platforms.ActiveCfg = Debug|Any CPU
		{BCAD7F79-5EB7-497F-9D9A-E7A9BBE04276}.Checked|Mixed Platforms.Build.0 = Debug|Any CPU
		{BCAD7F79-5EB7-497F-9D9A-E7A9BBE04276}.Checked|x86.ActiveCfg = Debug|Any CPU
		{BCAD7F79-5EB7-497F-9D9A-E7A9BBE04276}.Checked|x86.Build.0 = Debug|Any CPU
		{BCAD7F79-5EB7-497F-9D9A-E7A9BBE04276}.Debug|.NET.ActiveCfg = Debug|Any CPU
		{BCAD7F79-5EB7-497F-9D9A-E7A9BBE04276}.Debug|.NET.Build.0 = Debug|Any CPU
		{BCAD7F79-5EB7-497F-9D9A-E7A9BBE04276}.Debug|Any CPU.ActiveCfg = Debug|Any CPU
		{BCAD7F79-5EB7-497F-9D9A-E7A9BBE04276}.Debug|Any CPU.Build.0 = Debug|Any CPU
		{BCAD7F79-5EB7-497F-9D9A-E7A9BBE04276}.Debug|Mixed Platforms.ActiveCfg = Debug|Any CPU
		{BCAD7F79-5EB7-497F-9D9A-E7A9BBE04276}.Debug|Mixed Platforms.Build.0 = Debug|Any CPU
		{BCAD7F79-5EB7-497F-9D9A-E7A9BBE04276}.Debug|x86.ActiveCfg = Debug|Any CPU
		{BCAD7F79-5EB7-497F-9D9A-E7A9BBE04276}.Debug|x86.Build.0 = Debug|Any CPU
		{BCAD7F79-5EB7-497F-9D9A-E7A9BBE04276}.QED|.NET.ActiveCfg = Debug|Any CPU
		{BCAD7F79-5EB7-497F-9D9A-E7A9BBE04276}.QED|.NET.Build.0 = Debug|Any CPU
		{BCAD7F79-5EB7-497F-9D9A-E7A9BBE04276}.QED|Any CPU.ActiveCfg = Debug|Any CPU
		{BCAD7F79-5EB7-497F-9D9A-E7A9BBE04276}.QED|Any CPU.Build.0 = Debug|Any CPU
		{BCAD7F79-5EB7-497F-9D9A-E7A9BBE04276}.QED|Mixed Platforms.ActiveCfg = Debug|Any CPU
		{BCAD7F79-5EB7-497F-9D9A-E7A9BBE04276}.QED|Mixed Platforms.Build.0 = Debug|Any CPU
		{BCAD7F79-5EB7-497F-9D9A-E7A9BBE04276}.QED|x86.ActiveCfg = Debug|Any CPU
		{BCAD7F79-5EB7-497F-9D9A-E7A9BBE04276}.QED|x86.Build.0 = Debug|Any CPU
		{BCAD7F79-5EB7-497F-9D9A-E7A9BBE04276}.Release|.NET.ActiveCfg = Release|Any CPU
		{BCAD7F79-5EB7-497F-9D9A-E7A9BBE04276}.Release|.NET.Build.0 = Release|Any CPU
		{BCAD7F79-5EB7-497F-9D9A-E7A9BBE04276}.Release|Any CPU.ActiveCfg = Release|Any CPU
		{BCAD7F79-5EB7-497F-9D9A-E7A9BBE04276}.Release|Any CPU.Build.0 = Release|Any CPU
		{BCAD7F79-5EB7-497F-9D9A-E7A9BBE04276}.Release|Mixed Platforms.ActiveCfg = Release|Any CPU
		{BCAD7F79-5EB7-497F-9D9A-E7A9BBE04276}.Release|Mixed Platforms.Build.0 = Release|Any CPU
		{BCAD7F79-5EB7-497F-9D9A-E7A9BBE04276}.Release|x86.ActiveCfg = Release|Any CPU
		{BCAD7F79-5EB7-497F-9D9A-E7A9BBE04276}.Release|x86.Build.0 = Release|Any CPU
		{A8C2F880-B94A-4438-96CE-D7DEFEE33A2C}.Checked|.NET.ActiveCfg = Debug|Any CPU
		{A8C2F880-B94A-4438-96CE-D7DEFEE33A2C}.Checked|.NET.Build.0 = Debug|Any CPU
		{A8C2F880-B94A-4438-96CE-D7DEFEE33A2C}.Checked|Any CPU.ActiveCfg = Debug|Any CPU
		{A8C2F880-B94A-4438-96CE-D7DEFEE33A2C}.Checked|Any CPU.Build.0 = Debug|Any CPU
		{A8C2F880-B94A-4438-96CE-D7DEFEE33A2C}.Checked|Mixed Platforms.ActiveCfg = Debug|Any CPU
		{A8C2F880-B94A-4438-96CE-D7DEFEE33A2C}.Checked|Mixed Platforms.Build.0 = Debug|Any CPU
		{A8C2F880-B94A-4438-96CE-D7DEFEE33A2C}.Checked|x86.ActiveCfg = Debug|Any CPU
		{A8C2F880-B94A-4438-96CE-D7DEFEE33A2C}.Checked|x86.Build.0 = Debug|Any CPU
		{A8C2F880-B94A-4438-96CE-D7DEFEE33A2C}.Debug|.NET.ActiveCfg = Debug|Any CPU
		{A8C2F880-B94A-4438-96CE-D7DEFEE33A2C}.Debug|.NET.Build.0 = Debug|Any CPU
		{A8C2F880-B94A-4438-96CE-D7DEFEE33A2C}.Debug|Any CPU.ActiveCfg = Debug|Any CPU
		{A8C2F880-B94A-4438-96CE-D7DEFEE33A2C}.Debug|Any CPU.Build.0 = Debug|Any CPU
		{A8C2F880-B94A-4438-96CE-D7DEFEE33A2C}.Debug|Mixed Platforms.ActiveCfg = Debug|Any CPU
		{A8C2F880-B94A-4438-96CE-D7DEFEE33A2C}.Debug|Mixed Platforms.Build.0 = Debug|Any CPU
		{A8C2F880-B94A-4438-96CE-D7DEFEE33A2C}.Debug|x86.ActiveCfg = Debug|Any CPU
		{A8C2F880-B94A-4438-96CE-D7DEFEE33A2C}.Debug|x86.Build.0 = Debug|Any CPU
		{A8C2F880-B94A-4438-96CE-D7DEFEE33A2C}.QED|.NET.ActiveCfg = Debug|Any CPU
		{A8C2F880-B94A-4438-96CE-D7DEFEE33A2C}.QED|.NET.Build.0 = Debug|Any CPU
		{A8C2F880-B94A-4438-96CE-D7DEFEE33A2C}.QED|Any CPU.ActiveCfg = Debug|Any CPU
		{A8C2F880-B94A-4438-96CE-D7DEFEE33A2C}.QED|Any CPU.Build.0 = Debug|Any CPU
		{A8C2F880-B94A-4438-96CE-D7DEFEE33A2C}.QED|Mixed Platforms.ActiveCfg = Debug|Any CPU
		{A8C2F880-B94A-4438-96CE-D7DEFEE33A2C}.QED|Mixed Platforms.Build.0 = Debug|Any CPU
		{A8C2F880-B94A-4438-96CE-D7DEFEE33A2C}.QED|x86.ActiveCfg = Debug|Any CPU
		{A8C2F880-B94A-4438-96CE-D7DEFEE33A2C}.QED|x86.Build.0 = Debug|Any CPU
		{A8C2F880-B94A-4438-96CE-D7DEFEE33A2C}.Release|.NET.ActiveCfg = Release|Any CPU
		{A8C2F880-B94A-4438-96CE-D7DEFEE33A2C}.Release|.NET.Build.0 = Release|Any CPU
		{A8C2F880-B94A-4438-96CE-D7DEFEE33A2C}.Release|Any CPU.ActiveCfg = Release|Any CPU
		{A8C2F880-B94A-4438-96CE-D7DEFEE33A2C}.Release|Any CPU.Build.0 = Release|Any CPU
		{A8C2F880-B94A-4438-96CE-D7DEFEE33A2C}.Release|Mixed Platforms.ActiveCfg = Release|Any CPU
		{A8C2F880-B94A-4438-96CE-D7DEFEE33A2C}.Release|Mixed Platforms.Build.0 = Release|Any CPU
		{A8C2F880-B94A-4438-96CE-D7DEFEE33A2C}.Release|x86.ActiveCfg = Release|Any CPU
		{A8C2F880-B94A-4438-96CE-D7DEFEE33A2C}.Release|x86.Build.0 = Release|Any CPU
		{F4D924F1-6086-4426-8C46-A6AC569B25CE}.Checked|.NET.ActiveCfg = Debug|Any CPU
		{F4D924F1-6086-4426-8C46-A6AC569B25CE}.Checked|.NET.Build.0 = Debug|Any CPU
		{F4D924F1-6086-4426-8C46-A6AC569B25CE}.Checked|Any CPU.ActiveCfg = Debug|Any CPU
		{F4D924F1-6086-4426-8C46-A6AC569B25CE}.Checked|Any CPU.Build.0 = Debug|Any CPU
		{F4D924F1-6086-4426-8C46-A6AC569B25CE}.Checked|Mixed Platforms.ActiveCfg = Debug|Any CPU
		{F4D924F1-6086-4426-8C46-A6AC569B25CE}.Checked|Mixed Platforms.Build.0 = Debug|Any CPU
		{F4D924F1-6086-4426-8C46-A6AC569B25CE}.Checked|x86.ActiveCfg = Debug|Any CPU
		{F4D924F1-6086-4426-8C46-A6AC569B25CE}.Checked|x86.Build.0 = Debug|Any CPU
		{F4D924F1-6086-4426-8C46-A6AC569B25CE}.Debug|.NET.ActiveCfg = Debug|Any CPU
		{F4D924F1-6086-4426-8C46-A6AC569B25CE}.Debug|.NET.Build.0 = Debug|Any CPU
		{F4D924F1-6086-4426-8C46-A6AC569B25CE}.Debug|Any CPU.ActiveCfg = Debug|Any CPU
		{F4D924F1-6086-4426-8C46-A6AC569B25CE}.Debug|Any CPU.Build.0 = Debug|Any CPU
		{F4D924F1-6086-4426-8C46-A6AC569B25CE}.Debug|Mixed Platforms.ActiveCfg = Debug|Any CPU
		{F4D924F1-6086-4426-8C46-A6AC569B25CE}.Debug|Mixed Platforms.Build.0 = Debug|Any CPU
		{F4D924F1-6086-4426-8C46-A6AC569B25CE}.Debug|x86.ActiveCfg = Debug|Any CPU
		{F4D924F1-6086-4426-8C46-A6AC569B25CE}.Debug|x86.Build.0 = Debug|Any CPU
		{F4D924F1-6086-4426-8C46-A6AC569B25CE}.QED|.NET.ActiveCfg = Debug|Any CPU
		{F4D924F1-6086-4426-8C46-A6AC569B25CE}.QED|.NET.Build.0 = Debug|Any CPU
		{F4D924F1-6086-4426-8C46-A6AC569B25CE}.QED|Any CPU.ActiveCfg = Debug|Any CPU
		{F4D924F1-6086-4426-8C46-A6AC569B25CE}.QED|Any CPU.Build.0 = Debug|Any CPU
		{F4D924F1-6086-4426-8C46-A6AC569B25CE}.QED|Mixed Platforms.ActiveCfg = Debug|Any CPU
		{F4D924F1-6086-4426-8C46-A6AC569B25CE}.QED|Mixed Platforms.Build.0 = Debug|Any CPU
		{F4D924F1-6086-4426-8C46-A6AC569B25CE}.QED|x86.ActiveCfg = Debug|Any CPU
		{F4D924F1-6086-4426-8C46-A6AC569B25CE}.QED|x86.Build.0 = Debug|Any CPU
		{F4D924F1-6086-4426-8C46-A6AC569B25CE}.Release|.NET.ActiveCfg = Release|Any CPU
		{F4D924F1-6086-4426-8C46-A6AC569B25CE}.Release|.NET.Build.0 = Release|Any CPU
		{F4D924F1-6086-4426-8C46-A6AC569B25CE}.Release|Any CPU.ActiveCfg = Release|Any CPU
		{F4D924F1-6086-4426-8C46-A6AC569B25CE}.Release|Any CPU.Build.0 = Release|Any CPU
		{F4D924F1-6086-4426-8C46-A6AC569B25CE}.Release|Mixed Platforms.ActiveCfg = Release|Any CPU
		{F4D924F1-6086-4426-8C46-A6AC569B25CE}.Release|Mixed Platforms.Build.0 = Release|Any CPU
		{F4D924F1-6086-4426-8C46-A6AC569B25CE}.Release|x86.ActiveCfg = Release|Any CPU
		{F4D924F1-6086-4426-8C46-A6AC569B25CE}.Release|x86.Build.0 = Release|Any CPU
		{07166506-FDE8-43E0-AC51-A307E2EC6BC9}.Checked|.NET.ActiveCfg = Debug|Any CPU
		{07166506-FDE8-43E0-AC51-A307E2EC6BC9}.Checked|.NET.Build.0 = Debug|Any CPU
		{07166506-FDE8-43E0-AC51-A307E2EC6BC9}.Checked|Any CPU.ActiveCfg = Debug|Any CPU
		{07166506-FDE8-43E0-AC51-A307E2EC6BC9}.Checked|Any CPU.Build.0 = Debug|Any CPU
		{07166506-FDE8-43E0-AC51-A307E2EC6BC9}.Checked|Mixed Platforms.ActiveCfg = Debug|Any CPU
		{07166506-FDE8-43E0-AC51-A307E2EC6BC9}.Checked|Mixed Platforms.Build.0 = Debug|Any CPU
		{07166506-FDE8-43E0-AC51-A307E2EC6BC9}.Checked|x86.ActiveCfg = Debug|Any CPU
		{07166506-FDE8-43E0-AC51-A307E2EC6BC9}.Checked|x86.Build.0 = Debug|Any CPU
		{07166506-FDE8-43E0-AC51-A307E2EC6BC9}.Debug|.NET.ActiveCfg = Debug|Any CPU
		{07166506-FDE8-43E0-AC51-A307E2EC6BC9}.Debug|.NET.Build.0 = Debug|Any CPU
		{07166506-FDE8-43E0-AC51-A307E2EC6BC9}.Debug|Any CPU.ActiveCfg = Debug|Any CPU
		{07166506-FDE8-43E0-AC51-A307E2EC6BC9}.Debug|Any CPU.Build.0 = Debug|Any CPU
		{07166506-FDE8-43E0-AC51-A307E2EC6BC9}.Debug|Mixed Platforms.ActiveCfg = Debug|Any CPU
		{07166506-FDE8-43E0-AC51-A307E2EC6BC9}.Debug|Mixed Platforms.Build.0 = Debug|Any CPU
		{07166506-FDE8-43E0-AC51-A307E2EC6BC9}.Debug|x86.ActiveCfg = Debug|Any CPU
		{07166506-FDE8-43E0-AC51-A307E2EC6BC9}.Debug|x86.Build.0 = Debug|Any CPU
		{07166506-FDE8-43E0-AC51-A307E2EC6BC9}.QED|.NET.ActiveCfg = Debug|Any CPU
		{07166506-FDE8-43E0-AC51-A307E2EC6BC9}.QED|.NET.Build.0 = Debug|Any CPU
		{07166506-FDE8-43E0-AC51-A307E2EC6BC9}.QED|Any CPU.ActiveCfg = Debug|Any CPU
		{07166506-FDE8-43E0-AC51-A307E2EC6BC9}.QED|Any CPU.Build.0 = Debug|Any CPU
		{07166506-FDE8-43E0-AC51-A307E2EC6BC9}.QED|Mixed Platforms.ActiveCfg = Debug|Any CPU
		{07166506-FDE8-43E0-AC51-A307E2EC6BC9}.QED|Mixed Platforms.Build.0 = Debug|Any CPU
		{07166506-FDE8-43E0-AC51-A307E2EC6BC9}.QED|x86.ActiveCfg = Debug|Any CPU
		{07166506-FDE8-43E0-AC51-A307E2EC6BC9}.QED|x86.Build.0 = Debug|Any CPU
		{07166506-FDE8-43E0-AC51-A307E2EC6BC9}.Release|.NET.ActiveCfg = Release|Any CPU
		{07166506-FDE8-43E0-AC51-A307E2EC6BC9}.Release|.NET.Build.0 = Release|Any CPU
		{07166506-FDE8-43E0-AC51-A307E2EC6BC9}.Release|Any CPU.ActiveCfg = Release|Any CPU
		{07166506-FDE8-43E0-AC51-A307E2EC6BC9}.Release|Any CPU.Build.0 = Release|Any CPU
		{07166506-FDE8-43E0-AC51-A307E2EC6BC9}.Release|Mixed Platforms.ActiveCfg = Release|Any CPU
		{07166506-FDE8-43E0-AC51-A307E2EC6BC9}.Release|Mixed Platforms.Build.0 = Release|Any CPU
		{07166506-FDE8-43E0-AC51-A307E2EC6BC9}.Release|x86.ActiveCfg = Release|Any CPU
		{07166506-FDE8-43E0-AC51-A307E2EC6BC9}.Release|x86.Build.0 = Release|Any CPU
		{58831149-63AB-4531-BE45-60F97CDCC48E}.Checked|.NET.ActiveCfg = Debug|Any CPU
		{58831149-63AB-4531-BE45-60F97CDCC48E}.Checked|.NET.Build.0 = Debug|Any CPU
		{58831149-63AB-4531-BE45-60F97CDCC48E}.Checked|Any CPU.ActiveCfg = Debug|Any CPU
		{58831149-63AB-4531-BE45-60F97CDCC48E}.Checked|Any CPU.Build.0 = Debug|Any CPU
		{58831149-63AB-4531-BE45-60F97CDCC48E}.Checked|Mixed Platforms.ActiveCfg = Debug|Any CPU
		{58831149-63AB-4531-BE45-60F97CDCC48E}.Checked|Mixed Platforms.Build.0 = Debug|Any CPU
		{58831149-63AB-4531-BE45-60F97CDCC48E}.Checked|x86.ActiveCfg = Debug|Any CPU
		{58831149-63AB-4531-BE45-60F97CDCC48E}.Checked|x86.Build.0 = Debug|Any CPU
		{58831149-63AB-4531-BE45-60F97CDCC48E}.Debug|.NET.ActiveCfg = Debug|Any CPU
		{58831149-63AB-4531-BE45-60F97CDCC48E}.Debug|.NET.Build.0 = Debug|Any CPU
		{58831149-63AB-4531-BE45-60F97CDCC48E}.Debug|Any CPU.ActiveCfg = Debug|Any CPU
		{58831149-63AB-4531-BE45-60F97CDCC48E}.Debug|Any CPU.Build.0 = Debug|Any CPU
		{58831149-63AB-4531-BE45-60F97CDCC48E}.Debug|Mixed Platforms.ActiveCfg = Debug|Any CPU
		{58831149-63AB-4531-BE45-60F97CDCC48E}.Debug|Mixed Platforms.Build.0 = Debug|Any CPU
		{58831149-63AB-4531-BE45-60F97CDCC48E}.Debug|x86.ActiveCfg = Debug|Any CPU
		{58831149-63AB-4531-BE45-60F97CDCC48E}.Debug|x86.Build.0 = Debug|Any CPU
		{58831149-63AB-4531-BE45-60F97CDCC48E}.QED|.NET.ActiveCfg = Debug|Any CPU
		{58831149-63AB-4531-BE45-60F97CDCC48E}.QED|.NET.Build.0 = Debug|Any CPU
		{58831149-63AB-4531-BE45-60F97CDCC48E}.QED|Any CPU.ActiveCfg = Debug|Any CPU
		{58831149-63AB-4531-BE45-60F97CDCC48E}.QED|Any CPU.Build.0 = Debug|Any CPU
		{58831149-63AB-4531-BE45-60F97CDCC48E}.QED|Mixed Platforms.ActiveCfg = Debug|Any CPU
		{58831149-63AB-4531-BE45-60F97CDCC48E}.QED|Mixed Platforms.Build.0 = Debug|Any CPU
		{58831149-63AB-4531-BE45-60F97CDCC48E}.QED|x86.ActiveCfg = Debug|Any CPU
		{58831149-63AB-4531-BE45-60F97CDCC48E}.QED|x86.Build.0 = Debug|Any CPU
		{58831149-63AB-4531-BE45-60F97CDCC48E}.Release|.NET.ActiveCfg = Release|Any CPU
		{58831149-63AB-4531-BE45-60F97CDCC48E}.Release|.NET.Build.0 = Release|Any CPU
		{58831149-63AB-4531-BE45-60F97CDCC48E}.Release|Any CPU.ActiveCfg = Release|Any CPU
		{58831149-63AB-4531-BE45-60F97CDCC48E}.Release|Any CPU.Build.0 = Release|Any CPU
		{58831149-63AB-4531-BE45-60F97CDCC48E}.Release|Mixed Platforms.ActiveCfg = Release|Any CPU
		{58831149-63AB-4531-BE45-60F97CDCC48E}.Release|Mixed Platforms.Build.0 = Release|Any CPU
		{58831149-63AB-4531-BE45-60F97CDCC48E}.Release|x86.ActiveCfg = Release|Any CPU
		{58831149-63AB-4531-BE45-60F97CDCC48E}.Release|x86.Build.0 = Release|Any CPU
		{9DE0DFB0-842A-42A1-A020-7CA22C963FAC}.Checked|.NET.ActiveCfg = Debug|Any CPU
		{9DE0DFB0-842A-42A1-A020-7CA22C963FAC}.Checked|.NET.Build.0 = Debug|Any CPU
		{9DE0DFB0-842A-42A1-A020-7CA22C963FAC}.Checked|Any CPU.ActiveCfg = Debug|Any CPU
		{9DE0DFB0-842A-42A1-A020-7CA22C963FAC}.Checked|Any CPU.Build.0 = Debug|Any CPU
		{9DE0DFB0-842A-42A1-A020-7CA22C963FAC}.Checked|Mixed Platforms.ActiveCfg = Debug|Any CPU
		{9DE0DFB0-842A-42A1-A020-7CA22C963FAC}.Checked|Mixed Platforms.Build.0 = Debug|Any CPU
		{9DE0DFB0-842A-42A1-A020-7CA22C963FAC}.Checked|x86.ActiveCfg = Debug|Any CPU
		{9DE0DFB0-842A-42A1-A020-7CA22C963FAC}.Checked|x86.Build.0 = Debug|Any CPU
		{9DE0DFB0-842A-42A1-A020-7CA22C963FAC}.Debug|.NET.ActiveCfg = Debug|Any CPU
		{9DE0DFB0-842A-42A1-A020-7CA22C963FAC}.Debug|.NET.Build.0 = Debug|Any CPU
		{9DE0DFB0-842A-42A1-A020-7CA22C963FAC}.Debug|Any CPU.ActiveCfg = Debug|Any CPU
		{9DE0DFB0-842A-42A1-A020-7CA22C963FAC}.Debug|Any CPU.Build.0 = Debug|Any CPU
		{9DE0DFB0-842A-42A1-A020-7CA22C963FAC}.Debug|Mixed Platforms.ActiveCfg = Debug|Any CPU
		{9DE0DFB0-842A-42A1-A020-7CA22C963FAC}.Debug|Mixed Platforms.Build.0 = Debug|Any CPU
		{9DE0DFB0-842A-42A1-A020-7CA22C963FAC}.Debug|x86.ActiveCfg = Debug|Any CPU
		{9DE0DFB0-842A-42A1-A020-7CA22C963FAC}.Debug|x86.Build.0 = Debug|Any CPU
		{9DE0DFB0-842A-42A1-A020-7CA22C963FAC}.QED|.NET.ActiveCfg = Debug|Any CPU
		{9DE0DFB0-842A-42A1-A020-7CA22C963FAC}.QED|.NET.Build.0 = Debug|Any CPU
		{9DE0DFB0-842A-42A1-A020-7CA22C963FAC}.QED|Any CPU.ActiveCfg = Debug|Any CPU
		{9DE0DFB0-842A-42A1-A020-7CA22C963FAC}.QED|Any CPU.Build.0 = Debug|Any CPU
		{9DE0DFB0-842A-42A1-A020-7CA22C963FAC}.QED|Mixed Platforms.ActiveCfg = Debug|Any CPU
		{9DE0DFB0-842A-42A1-A020-7CA22C963FAC}.QED|Mixed Platforms.Build.0 = Debug|Any CPU
		{9DE0DFB0-842A-42A1-A020-7CA22C963FAC}.QED|x86.ActiveCfg = Debug|Any CPU
		{9DE0DFB0-842A-42A1-A020-7CA22C963FAC}.QED|x86.Build.0 = Debug|Any CPU
		{9DE0DFB0-842A-42A1-A020-7CA22C963FAC}.Release|.NET.ActiveCfg = Release|Any CPU
		{9DE0DFB0-842A-42A1-A020-7CA22C963FAC}.Release|.NET.Build.0 = Release|Any CPU
		{9DE0DFB0-842A-42A1-A020-7CA22C963FAC}.Release|Any CPU.ActiveCfg = Release|Any CPU
		{9DE0DFB0-842A-42A1-A020-7CA22C963FAC}.Release|Any CPU.Build.0 = Release|Any CPU
		{9DE0DFB0-842A-42A1-A020-7CA22C963FAC}.Release|Mixed Platforms.ActiveCfg = Release|Any CPU
		{9DE0DFB0-842A-42A1-A020-7CA22C963FAC}.Release|Mixed Platforms.Build.0 = Release|Any CPU
		{9DE0DFB0-842A-42A1-A020-7CA22C963FAC}.Release|x86.ActiveCfg = Release|Any CPU
		{9DE0DFB0-842A-42A1-A020-7CA22C963FAC}.Release|x86.Build.0 = Release|Any CPU
		{FD6583E0-0283-428B-95E2-320C2369A7FE}.Checked|.NET.ActiveCfg = Debug|Any CPU
		{FD6583E0-0283-428B-95E2-320C2369A7FE}.Checked|.NET.Build.0 = Debug|Any CPU
		{FD6583E0-0283-428B-95E2-320C2369A7FE}.Checked|Any CPU.ActiveCfg = Debug|Any CPU
		{FD6583E0-0283-428B-95E2-320C2369A7FE}.Checked|Any CPU.Build.0 = Debug|Any CPU
		{FD6583E0-0283-428B-95E2-320C2369A7FE}.Checked|Mixed Platforms.ActiveCfg = Debug|Any CPU
		{FD6583E0-0283-428B-95E2-320C2369A7FE}.Checked|Mixed Platforms.Build.0 = Debug|Any CPU
		{FD6583E0-0283-428B-95E2-320C2369A7FE}.Checked|x86.ActiveCfg = Debug|Any CPU
		{FD6583E0-0283-428B-95E2-320C2369A7FE}.Checked|x86.Build.0 = Debug|Any CPU
		{FD6583E0-0283-428B-95E2-320C2369A7FE}.Debug|.NET.ActiveCfg = Debug|Any CPU
		{FD6583E0-0283-428B-95E2-320C2369A7FE}.Debug|.NET.Build.0 = Debug|Any CPU
		{FD6583E0-0283-428B-95E2-320C2369A7FE}.Debug|Any CPU.ActiveCfg = Debug|Any CPU
		{FD6583E0-0283-428B-95E2-320C2369A7FE}.Debug|Any CPU.Build.0 = Debug|Any CPU
		{FD6583E0-0283-428B-95E2-320C2369A7FE}.Debug|Mixed Platforms.ActiveCfg = Debug|Any CPU
		{FD6583E0-0283-428B-95E2-320C2369A7FE}.Debug|Mixed Platforms.Build.0 = Debug|Any CPU
		{FD6583E0-0283-428B-95E2-320C2369A7FE}.Debug|x86.ActiveCfg = Debug|Any CPU
		{FD6583E0-0283-428B-95E2-320C2369A7FE}.Debug|x86.Build.0 = Debug|Any CPU
		{FD6583E0-0283-428B-95E2-320C2369A7FE}.QED|.NET.ActiveCfg = Debug|Any CPU
		{FD6583E0-0283-428B-95E2-320C2369A7FE}.QED|.NET.Build.0 = Debug|Any CPU
		{FD6583E0-0283-428B-95E2-320C2369A7FE}.QED|Any CPU.ActiveCfg = Debug|Any CPU
		{FD6583E0-0283-428B-95E2-320C2369A7FE}.QED|Any CPU.Build.0 = Debug|Any CPU
		{FD6583E0-0283-428B-95E2-320C2369A7FE}.QED|Mixed Platforms.ActiveCfg = Debug|Any CPU
		{FD6583E0-0283-428B-95E2-320C2369A7FE}.QED|Mixed Platforms.Build.0 = Debug|Any CPU
		{FD6583E0-0283-428B-95E2-320C2369A7FE}.QED|x86.ActiveCfg = Debug|Any CPU
		{FD6583E0-0283-428B-95E2-320C2369A7FE}.QED|x86.Build.0 = Debug|Any CPU
		{FD6583E0-0283-428B-95E2-320C2369A7FE}.Release|.NET.ActiveCfg = Release|Any CPU
		{FD6583E0-0283-428B-95E2-320C2369A7FE}.Release|.NET.Build.0 = Release|Any CPU
		{FD6583E0-0283-428B-95E2-320C2369A7FE}.Release|Any CPU.ActiveCfg = Release|Any CPU
		{FD6583E0-0283-428B-95E2-320C2369A7FE}.Release|Any CPU.Build.0 = Release|Any CPU
		{FD6583E0-0283-428B-95E2-320C2369A7FE}.Release|Mixed Platforms.ActiveCfg = Release|Any CPU
		{FD6583E0-0283-428B-95E2-320C2369A7FE}.Release|Mixed Platforms.Build.0 = Release|Any CPU
		{FD6583E0-0283-428B-95E2-320C2369A7FE}.Release|x86.ActiveCfg = Release|Any CPU
		{FD6583E0-0283-428B-95E2-320C2369A7FE}.Release|x86.Build.0 = Release|Any CPU
		{46F60772-B769-4AD8-A81B-121E1457FBED}.Checked|.NET.ActiveCfg = Debug|Any CPU
		{46F60772-B769-4AD8-A81B-121E1457FBED}.Checked|.NET.Build.0 = Debug|Any CPU
		{46F60772-B769-4AD8-A81B-121E1457FBED}.Checked|Any CPU.ActiveCfg = Debug|Any CPU
		{46F60772-B769-4AD8-A81B-121E1457FBED}.Checked|Any CPU.Build.0 = Debug|Any CPU
		{46F60772-B769-4AD8-A81B-121E1457FBED}.Checked|Mixed Platforms.ActiveCfg = Debug|Any CPU
		{46F60772-B769-4AD8-A81B-121E1457FBED}.Checked|Mixed Platforms.Build.0 = Debug|Any CPU
		{46F60772-B769-4AD8-A81B-121E1457FBED}.Checked|x86.ActiveCfg = Debug|Any CPU
		{46F60772-B769-4AD8-A81B-121E1457FBED}.Checked|x86.Build.0 = Debug|Any CPU
		{46F60772-B769-4AD8-A81B-121E1457FBED}.Debug|.NET.ActiveCfg = Debug|Any CPU
		{46F60772-B769-4AD8-A81B-121E1457FBED}.Debug|.NET.Build.0 = Debug|Any CPU
		{46F60772-B769-4AD8-A81B-121E1457FBED}.Debug|Any CPU.ActiveCfg = Debug|Any CPU
		{46F60772-B769-4AD8-A81B-121E1457FBED}.Debug|Any CPU.Build.0 = Debug|Any CPU
		{46F60772-B769-4AD8-A81B-121E1457FBED}.Debug|Mixed Platforms.ActiveCfg = Debug|Any CPU
		{46F60772-B769-4AD8-A81B-121E1457FBED}.Debug|Mixed Platforms.Build.0 = Debug|Any CPU
		{46F60772-B769-4AD8-A81B-121E1457FBED}.Debug|x86.ActiveCfg = Debug|Any CPU
		{46F60772-B769-4AD8-A81B-121E1457FBED}.Debug|x86.Build.0 = Debug|Any CPU
		{46F60772-B769-4AD8-A81B-121E1457FBED}.QED|.NET.ActiveCfg = Debug|Any CPU
		{46F60772-B769-4AD8-A81B-121E1457FBED}.QED|.NET.Build.0 = Debug|Any CPU
		{46F60772-B769-4AD8-A81B-121E1457FBED}.QED|Any CPU.ActiveCfg = Debug|Any CPU
		{46F60772-B769-4AD8-A81B-121E1457FBED}.QED|Any CPU.Build.0 = Debug|Any CPU
		{46F60772-B769-4AD8-A81B-121E1457FBED}.QED|Mixed Platforms.ActiveCfg = Debug|Any CPU
		{46F60772-B769-4AD8-A81B-121E1457FBED}.QED|Mixed Platforms.Build.0 = Debug|Any CPU
		{46F60772-B769-4AD8-A81B-121E1457FBED}.QED|x86.ActiveCfg = Debug|Any CPU
		{46F60772-B769-4AD8-A81B-121E1457FBED}.QED|x86.Build.0 = Debug|Any CPU
		{46F60772-B769-4AD8-A81B-121E1457FBED}.Release|.NET.ActiveCfg = Release|Any CPU
		{46F60772-B769-4AD8-A81B-121E1457FBED}.Release|.NET.Build.0 = Release|Any CPU
		{46F60772-B769-4AD8-A81B-121E1457FBED}.Release|Any CPU.ActiveCfg = Release|Any CPU
		{46F60772-B769-4AD8-A81B-121E1457FBED}.Release|Any CPU.Build.0 = Release|Any CPU
		{46F60772-B769-4AD8-A81B-121E1457FBED}.Release|Mixed Platforms.ActiveCfg = Release|Any CPU
		{46F60772-B769-4AD8-A81B-121E1457FBED}.Release|Mixed Platforms.Build.0 = Release|Any CPU
		{46F60772-B769-4AD8-A81B-121E1457FBED}.Release|x86.ActiveCfg = Release|Any CPU
		{46F60772-B769-4AD8-A81B-121E1457FBED}.Release|x86.Build.0 = Release|Any CPU
		{D3E8DFF1-08F8-41E6-B0B1-E2CC7F2D998C}.Checked|.NET.ActiveCfg = Debug|Any CPU
		{D3E8DFF1-08F8-41E6-B0B1-E2CC7F2D998C}.Checked|.NET.Build.0 = Debug|Any CPU
		{D3E8DFF1-08F8-41E6-B0B1-E2CC7F2D998C}.Checked|Any CPU.ActiveCfg = Debug|Any CPU
		{D3E8DFF1-08F8-41E6-B0B1-E2CC7F2D998C}.Checked|Any CPU.Build.0 = Debug|Any CPU
		{D3E8DFF1-08F8-41E6-B0B1-E2CC7F2D998C}.Checked|Mixed Platforms.ActiveCfg = Debug|Any CPU
		{D3E8DFF1-08F8-41E6-B0B1-E2CC7F2D998C}.Checked|Mixed Platforms.Build.0 = Debug|Any CPU
		{D3E8DFF1-08F8-41E6-B0B1-E2CC7F2D998C}.Checked|x86.ActiveCfg = Debug|Any CPU
		{D3E8DFF1-08F8-41E6-B0B1-E2CC7F2D998C}.Checked|x86.Build.0 = Debug|Any CPU
		{D3E8DFF1-08F8-41E6-B0B1-E2CC7F2D998C}.Debug|.NET.ActiveCfg = Debug|Any CPU
		{D3E8DFF1-08F8-41E6-B0B1-E2CC7F2D998C}.Debug|.NET.Build.0 = Debug|Any CPU
		{D3E8DFF1-08F8-41E6-B0B1-E2CC7F2D998C}.Debug|Any CPU.ActiveCfg = Debug|Any CPU
		{D3E8DFF1-08F8-41E6-B0B1-E2CC7F2D998C}.Debug|Any CPU.Build.0 = Debug|Any CPU
		{D3E8DFF1-08F8-41E6-B0B1-E2CC7F2D998C}.Debug|Mixed Platforms.ActiveCfg = Debug|Any CPU
		{D3E8DFF1-08F8-41E6-B0B1-E2CC7F2D998C}.Debug|Mixed Platforms.Build.0 = Debug|Any CPU
		{D3E8DFF1-08F8-41E6-B0B1-E2CC7F2D998C}.Debug|x86.ActiveCfg = Debug|Any CPU
		{D3E8DFF1-08F8-41E6-B0B1-E2CC7F2D998C}.Debug|x86.Build.0 = Debug|Any CPU
		{D3E8DFF1-08F8-41E6-B0B1-E2CC7F2D998C}.QED|.NET.ActiveCfg = Debug|Any CPU
		{D3E8DFF1-08F8-41E6-B0B1-E2CC7F2D998C}.QED|.NET.Build.0 = Debug|Any CPU
		{D3E8DFF1-08F8-41E6-B0B1-E2CC7F2D998C}.QED|Any CPU.ActiveCfg = Debug|Any CPU
		{D3E8DFF1-08F8-41E6-B0B1-E2CC7F2D998C}.QED|Any CPU.Build.0 = Debug|Any CPU
		{D3E8DFF1-08F8-41E6-B0B1-E2CC7F2D998C}.QED|Mixed Platforms.ActiveCfg = Debug|Any CPU
		{D3E8DFF1-08F8-41E6-B0B1-E2CC7F2D998C}.QED|Mixed Platforms.Build.0 = Debug|Any CPU
		{D3E8DFF1-08F8-41E6-B0B1-E2CC7F2D998C}.QED|x86.ActiveCfg = Debug|Any CPU
		{D3E8DFF1-08F8-41E6-B0B1-E2CC7F2D998C}.QED|x86.Build.0 = Debug|Any CPU
		{D3E8DFF1-08F8-41E6-B0B1-E2CC7F2D998C}.Release|.NET.ActiveCfg = Release|Any CPU
		{D3E8DFF1-08F8-41E6-B0B1-E2CC7F2D998C}.Release|.NET.Build.0 = Release|Any CPU
		{D3E8DFF1-08F8-41E6-B0B1-E2CC7F2D998C}.Release|Any CPU.ActiveCfg = Release|Any CPU
		{D3E8DFF1-08F8-41E6-B0B1-E2CC7F2D998C}.Release|Any CPU.Build.0 = Release|Any CPU
		{D3E8DFF1-08F8-41E6-B0B1-E2CC7F2D998C}.Release|Mixed Platforms.ActiveCfg = Release|Any CPU
		{D3E8DFF1-08F8-41E6-B0B1-E2CC7F2D998C}.Release|Mixed Platforms.Build.0 = Release|Any CPU
		{D3E8DFF1-08F8-41E6-B0B1-E2CC7F2D998C}.Release|x86.ActiveCfg = Release|Any CPU
		{D3E8DFF1-08F8-41E6-B0B1-E2CC7F2D998C}.Release|x86.Build.0 = Release|Any CPU
		{FEF01BB3-A916-4ECF-BA24-BC2B6E6ADC8D}.Checked|.NET.ActiveCfg = Debug|Any CPU
		{FEF01BB3-A916-4ECF-BA24-BC2B6E6ADC8D}.Checked|.NET.Build.0 = Debug|Any CPU
		{FEF01BB3-A916-4ECF-BA24-BC2B6E6ADC8D}.Checked|Any CPU.ActiveCfg = Debug|Any CPU
		{FEF01BB3-A916-4ECF-BA24-BC2B6E6ADC8D}.Checked|Any CPU.Build.0 = Debug|Any CPU
		{FEF01BB3-A916-4ECF-BA24-BC2B6E6ADC8D}.Checked|Mixed Platforms.ActiveCfg = Debug|Any CPU
		{FEF01BB3-A916-4ECF-BA24-BC2B6E6ADC8D}.Checked|Mixed Platforms.Build.0 = Debug|Any CPU
		{FEF01BB3-A916-4ECF-BA24-BC2B6E6ADC8D}.Checked|x86.ActiveCfg = Debug|Any CPU
		{FEF01BB3-A916-4ECF-BA24-BC2B6E6ADC8D}.Checked|x86.Build.0 = Debug|Any CPU
		{FEF01BB3-A916-4ECF-BA24-BC2B6E6ADC8D}.Debug|.NET.ActiveCfg = Debug|Any CPU
		{FEF01BB3-A916-4ECF-BA24-BC2B6E6ADC8D}.Debug|.NET.Build.0 = Debug|Any CPU
		{FEF01BB3-A916-4ECF-BA24-BC2B6E6ADC8D}.Debug|Any CPU.ActiveCfg = Debug|Any CPU
		{FEF01BB3-A916-4ECF-BA24-BC2B6E6ADC8D}.Debug|Any CPU.Build.0 = Debug|Any CPU
		{FEF01BB3-A916-4ECF-BA24-BC2B6E6ADC8D}.Debug|Mixed Platforms.ActiveCfg = Debug|Any CPU
		{FEF01BB3-A916-4ECF-BA24-BC2B6E6ADC8D}.Debug|Mixed Platforms.Build.0 = Debug|Any CPU
		{FEF01BB3-A916-4ECF-BA24-BC2B6E6ADC8D}.Debug|x86.ActiveCfg = Debug|Any CPU
		{FEF01BB3-A916-4ECF-BA24-BC2B6E6ADC8D}.Debug|x86.Build.0 = Debug|Any CPU
		{FEF01BB3-A916-4ECF-BA24-BC2B6E6ADC8D}.QED|.NET.ActiveCfg = Debug|Any CPU
		{FEF01BB3-A916-4ECF-BA24-BC2B6E6ADC8D}.QED|.NET.Build.0 = Debug|Any CPU
		{FEF01BB3-A916-4ECF-BA24-BC2B6E6ADC8D}.QED|Any CPU.ActiveCfg = Debug|Any CPU
		{FEF01BB3-A916-4ECF-BA24-BC2B6E6ADC8D}.QED|Any CPU.Build.0 = Debug|Any CPU
		{FEF01BB3-A916-4ECF-BA24-BC2B6E6ADC8D}.QED|Mixed Platforms.ActiveCfg = Debug|Any CPU
		{FEF01BB3-A916-4ECF-BA24-BC2B6E6ADC8D}.QED|Mixed Platforms.Build.0 = Debug|Any CPU
		{FEF01BB3-A916-4ECF-BA24-BC2B6E6ADC8D}.QED|x86.ActiveCfg = Debug|Any CPU
		{FEF01BB3-A916-4ECF-BA24-BC2B6E6ADC8D}.QED|x86.Build.0 = Debug|Any CPU
		{FEF01BB3-A916-4ECF-BA24-BC2B6E6ADC8D}.Release|.NET.ActiveCfg = Release|Any CPU
		{FEF01BB3-A916-4ECF-BA24-BC2B6E6ADC8D}.Release|.NET.Build.0 = Release|Any CPU
		{FEF01BB3-A916-4ECF-BA24-BC2B6E6ADC8D}.Release|Any CPU.ActiveCfg = Release|Any CPU
		{FEF01BB3-A916-4ECF-BA24-BC2B6E6ADC8D}.Release|Any CPU.Build.0 = Release|Any CPU
		{FEF01BB3-A916-4ECF-BA24-BC2B6E6ADC8D}.Release|Mixed Platforms.ActiveCfg = Release|Any CPU
		{FEF01BB3-A916-4ECF-BA24-BC2B6E6ADC8D}.Release|Mixed Platforms.Build.0 = Release|Any CPU
		{FEF01BB3-A916-4ECF-BA24-BC2B6E6ADC8D}.Release|x86.ActiveCfg = Release|Any CPU
		{FEF01BB3-A916-4ECF-BA24-BC2B6E6ADC8D}.Release|x86.Build.0 = Release|Any CPU
		{5AD00F00-5DDD-43AD-83A4-8D1763B29CD4}.Checked|.NET.ActiveCfg = Debug|Any CPU
		{5AD00F00-5DDD-43AD-83A4-8D1763B29CD4}.Checked|.NET.Build.0 = Debug|Any CPU
		{5AD00F00-5DDD-43AD-83A4-8D1763B29CD4}.Checked|Any CPU.ActiveCfg = Debug|Any CPU
		{5AD00F00-5DDD-43AD-83A4-8D1763B29CD4}.Checked|Any CPU.Build.0 = Debug|Any CPU
		{5AD00F00-5DDD-43AD-83A4-8D1763B29CD4}.Checked|Mixed Platforms.ActiveCfg = Debug|Any CPU
		{5AD00F00-5DDD-43AD-83A4-8D1763B29CD4}.Checked|Mixed Platforms.Build.0 = Debug|Any CPU
		{5AD00F00-5DDD-43AD-83A4-8D1763B29CD4}.Checked|x86.ActiveCfg = Debug|Any CPU
		{5AD00F00-5DDD-43AD-83A4-8D1763B29CD4}.Checked|x86.Build.0 = Debug|Any CPU
		{5AD00F00-5DDD-43AD-83A4-8D1763B29CD4}.Debug|.NET.ActiveCfg = Debug|Any CPU
		{5AD00F00-5DDD-43AD-83A4-8D1763B29CD4}.Debug|.NET.Build.0 = Debug|Any CPU
		{5AD00F00-5DDD-43AD-83A4-8D1763B29CD4}.Debug|Any CPU.ActiveCfg = Debug|Any CPU
		{5AD00F00-5DDD-43AD-83A4-8D1763B29CD4}.Debug|Any CPU.Build.0 = Debug|Any CPU
		{5AD00F00-5DDD-43AD-83A4-8D1763B29CD4}.Debug|Mixed Platforms.ActiveCfg = Debug|Any CPU
		{5AD00F00-5DDD-43AD-83A4-8D1763B29CD4}.Debug|Mixed Platforms.Build.0 = Debug|Any CPU
		{5AD00F00-5DDD-43AD-83A4-8D1763B29CD4}.Debug|x86.ActiveCfg = Debug|Any CPU
		{5AD00F00-5DDD-43AD-83A4-8D1763B29CD4}.Debug|x86.Build.0 = Debug|Any CPU
		{5AD00F00-5DDD-43AD-83A4-8D1763B29CD4}.QED|.NET.ActiveCfg = Debug|Any CPU
		{5AD00F00-5DDD-43AD-83A4-8D1763B29CD4}.QED|.NET.Build.0 = Debug|Any CPU
		{5AD00F00-5DDD-43AD-83A4-8D1763B29CD4}.QED|Any CPU.ActiveCfg = Debug|Any CPU
		{5AD00F00-5DDD-43AD-83A4-8D1763B29CD4}.QED|Any CPU.Build.0 = Debug|Any CPU
		{5AD00F00-5DDD-43AD-83A4-8D1763B29CD4}.QED|Mixed Platforms.ActiveCfg = Debug|Any CPU
		{5AD00F00-5DDD-43AD-83A4-8D1763B29CD4}.QED|Mixed Platforms.Build.0 = Debug|Any CPU
		{5AD00F00-5DDD-43AD-83A4-8D1763B29CD4}.QED|x86.ActiveCfg = Debug|Any CPU
		{5AD00F00-5DDD-43AD-83A4-8D1763B29CD4}.QED|x86.Build.0 = Debug|Any CPU
		{5AD00F00-5DDD-43AD-83A4-8D1763B29CD4}.Release|.NET.ActiveCfg = Release|Any CPU
		{5AD00F00-5DDD-43AD-83A4-8D1763B29CD4}.Release|.NET.Build.0 = Release|Any CPU
		{5AD00F00-5DDD-43AD-83A4-8D1763B29CD4}.Release|Any CPU.ActiveCfg = Release|Any CPU
		{5AD00F00-5DDD-43AD-83A4-8D1763B29CD4}.Release|Any CPU.Build.0 = Release|Any CPU
		{5AD00F00-5DDD-43AD-83A4-8D1763B29CD4}.Release|Mixed Platforms.ActiveCfg = Release|Any CPU
		{5AD00F00-5DDD-43AD-83A4-8D1763B29CD4}.Release|Mixed Platforms.Build.0 = Release|Any CPU
		{5AD00F00-5DDD-43AD-83A4-8D1763B29CD4}.Release|x86.ActiveCfg = Release|Any CPU
		{5AD00F00-5DDD-43AD-83A4-8D1763B29CD4}.Release|x86.Build.0 = Release|Any CPU
		{45678B56-C89C-4A40-8F21-993B7567D0F3}.Checked|.NET.ActiveCfg = Debug|Any CPU
		{45678B56-C89C-4A40-8F21-993B7567D0F3}.Checked|.NET.Build.0 = Debug|Any CPU
		{45678B56-C89C-4A40-8F21-993B7567D0F3}.Checked|Any CPU.ActiveCfg = Debug|Any CPU
		{45678B56-C89C-4A40-8F21-993B7567D0F3}.Checked|Any CPU.Build.0 = Debug|Any CPU
		{45678B56-C89C-4A40-8F21-993B7567D0F3}.Checked|Mixed Platforms.ActiveCfg = Debug|Any CPU
		{45678B56-C89C-4A40-8F21-993B7567D0F3}.Checked|Mixed Platforms.Build.0 = Debug|Any CPU
		{45678B56-C89C-4A40-8F21-993B7567D0F3}.Checked|x86.ActiveCfg = Debug|Any CPU
		{45678B56-C89C-4A40-8F21-993B7567D0F3}.Checked|x86.Build.0 = Debug|Any CPU
		{45678B56-C89C-4A40-8F21-993B7567D0F3}.Debug|.NET.ActiveCfg = Debug|Any CPU
		{45678B56-C89C-4A40-8F21-993B7567D0F3}.Debug|.NET.Build.0 = Debug|Any CPU
		{45678B56-C89C-4A40-8F21-993B7567D0F3}.Debug|Any CPU.ActiveCfg = Debug|Any CPU
		{45678B56-C89C-4A40-8F21-993B7567D0F3}.Debug|Any CPU.Build.0 = Debug|Any CPU
		{45678B56-C89C-4A40-8F21-993B7567D0F3}.Debug|Mixed Platforms.ActiveCfg = Debug|Any CPU
		{45678B56-C89C-4A40-8F21-993B7567D0F3}.Debug|Mixed Platforms.Build.0 = Debug|Any CPU
		{45678B56-C89C-4A40-8F21-993B7567D0F3}.Debug|x86.ActiveCfg = Debug|Any CPU
		{45678B56-C89C-4A40-8F21-993B7567D0F3}.Debug|x86.Build.0 = Debug|Any CPU
		{45678B56-C89C-4A40-8F21-993B7567D0F3}.QED|.NET.ActiveCfg = Debug|Any CPU
		{45678B56-C89C-4A40-8F21-993B7567D0F3}.QED|.NET.Build.0 = Debug|Any CPU
		{45678B56-C89C-4A40-8F21-993B7567D0F3}.QED|Any CPU.ActiveCfg = Debug|Any CPU
		{45678B56-C89C-4A40-8F21-993B7567D0F3}.QED|Any CPU.Build.0 = Debug|Any CPU
		{45678B56-C89C-4A40-8F21-993B7567D0F3}.QED|Mixed Platforms.ActiveCfg = Debug|Any CPU
		{45678B56-C89C-4A40-8F21-993B7567D0F3}.QED|Mixed Platforms.Build.0 = Debug|Any CPU
		{45678B56-C89C-4A40-8F21-993B7567D0F3}.QED|x86.ActiveCfg = Debug|Any CPU
		{45678B56-C89C-4A40-8F21-993B7567D0F3}.QED|x86.Build.0 = Debug|Any CPU
		{45678B56-C89C-4A40-8F21-993B7567D0F3}.Release|.NET.ActiveCfg = Release|Any CPU
		{45678B56-C89C-4A40-8F21-993B7567D0F3}.Release|.NET.Build.0 = Release|Any CPU
		{45678B56-C89C-4A40-8F21-993B7567D0F3}.Release|Any CPU.ActiveCfg = Release|Any CPU
		{45678B56-C89C-4A40-8F21-993B7567D0F3}.Release|Any CPU.Build.0 = Release|Any CPU
		{45678B56-C89C-4A40-8F21-993B7567D0F3}.Release|Mixed Platforms.ActiveCfg = Release|Any CPU
		{45678B56-C89C-4A40-8F21-993B7567D0F3}.Release|Mixed Platforms.Build.0 = Release|Any CPU
		{45678B56-C89C-4A40-8F21-993B7567D0F3}.Release|x86.ActiveCfg = Release|Any CPU
		{45678B56-C89C-4A40-8F21-993B7567D0F3}.Release|x86.Build.0 = Release|Any CPU
		{8986BF1C-6905-4BC6-8AA5-6E5C524937AC}.Checked|.NET.ActiveCfg = Debug|Any CPU
		{8986BF1C-6905-4BC6-8AA5-6E5C524937AC}.Checked|.NET.Build.0 = Debug|Any CPU
		{8986BF1C-6905-4BC6-8AA5-6E5C524937AC}.Checked|Any CPU.ActiveCfg = Debug|Any CPU
		{8986BF1C-6905-4BC6-8AA5-6E5C524937AC}.Checked|Any CPU.Build.0 = Debug|Any CPU
		{8986BF1C-6905-4BC6-8AA5-6E5C524937AC}.Checked|Mixed Platforms.ActiveCfg = Debug|Any CPU
		{8986BF1C-6905-4BC6-8AA5-6E5C524937AC}.Checked|Mixed Platforms.Build.0 = Debug|Any CPU
		{8986BF1C-6905-4BC6-8AA5-6E5C524937AC}.Checked|x86.ActiveCfg = Debug|Any CPU
		{8986BF1C-6905-4BC6-8AA5-6E5C524937AC}.Checked|x86.Build.0 = Debug|Any CPU
		{8986BF1C-6905-4BC6-8AA5-6E5C524937AC}.Debug|.NET.ActiveCfg = Debug|Any CPU
		{8986BF1C-6905-4BC6-8AA5-6E5C524937AC}.Debug|.NET.Build.0 = Debug|Any CPU
		{8986BF1C-6905-4BC6-8AA5-6E5C524937AC}.Debug|Any CPU.ActiveCfg = Debug|Any CPU
		{8986BF1C-6905-4BC6-8AA5-6E5C524937AC}.Debug|Any CPU.Build.0 = Debug|Any CPU
		{8986BF1C-6905-4BC6-8AA5-6E5C524937AC}.Debug|Mixed Platforms.ActiveCfg = Debug|Any CPU
		{8986BF1C-6905-4BC6-8AA5-6E5C524937AC}.Debug|Mixed Platforms.Build.0 = Debug|Any CPU
		{8986BF1C-6905-4BC6-8AA5-6E5C524937AC}.Debug|x86.ActiveCfg = Debug|Any CPU
		{8986BF1C-6905-4BC6-8AA5-6E5C524937AC}.Debug|x86.Build.0 = Debug|Any CPU
		{8986BF1C-6905-4BC6-8AA5-6E5C524937AC}.QED|.NET.ActiveCfg = Debug|Any CPU
		{8986BF1C-6905-4BC6-8AA5-6E5C524937AC}.QED|.NET.Build.0 = Debug|Any CPU
		{8986BF1C-6905-4BC6-8AA5-6E5C524937AC}.QED|Any CPU.ActiveCfg = Debug|Any CPU
		{8986BF1C-6905-4BC6-8AA5-6E5C524937AC}.QED|Any CPU.Build.0 = Debug|Any CPU
		{8986BF1C-6905-4BC6-8AA5-6E5C524937AC}.QED|Mixed Platforms.ActiveCfg = Debug|Any CPU
		{8986BF1C-6905-4BC6-8AA5-6E5C524937AC}.QED|Mixed Platforms.Build.0 = Debug|Any CPU
		{8986BF1C-6905-4BC6-8AA5-6E5C524937AC}.QED|x86.ActiveCfg = Debug|Any CPU
		{8986BF1C-6905-4BC6-8AA5-6E5C524937AC}.QED|x86.Build.0 = Debug|Any CPU
		{8986BF1C-6905-4BC6-8AA5-6E5C524937AC}.Release|.NET.ActiveCfg = Release|Any CPU
		{8986BF1C-6905-4BC6-8AA5-6E5C524937AC}.Release|.NET.Build.0 = Release|Any CPU
		{8986BF1C-6905-4BC6-8AA5-6E5C524937AC}.Release|Any CPU.ActiveCfg = Release|Any CPU
		{8986BF1C-6905-4BC6-8AA5-6E5C524937AC}.Release|Any CPU.Build.0 = Release|Any CPU
		{8986BF1C-6905-4BC6-8AA5-6E5C524937AC}.Release|Mixed Platforms.ActiveCfg = Release|Any CPU
		{8986BF1C-6905-4BC6-8AA5-6E5C524937AC}.Release|Mixed Platforms.Build.0 = Release|Any CPU
		{8986BF1C-6905-4BC6-8AA5-6E5C524937AC}.Release|x86.ActiveCfg = Release|Any CPU
		{8986BF1C-6905-4BC6-8AA5-6E5C524937AC}.Release|x86.Build.0 = Release|Any CPU
		{5C99A049-7A5A-49E0-AEA5-5EB10AFCCC50}.Checked|.NET.ActiveCfg = Debug|Any CPU
		{5C99A049-7A5A-49E0-AEA5-5EB10AFCCC50}.Checked|.NET.Build.0 = Debug|Any CPU
		{5C99A049-7A5A-49E0-AEA5-5EB10AFCCC50}.Checked|Any CPU.ActiveCfg = Debug|Any CPU
		{5C99A049-7A5A-49E0-AEA5-5EB10AFCCC50}.Checked|Any CPU.Build.0 = Debug|Any CPU
		{5C99A049-7A5A-49E0-AEA5-5EB10AFCCC50}.Checked|Mixed Platforms.ActiveCfg = Debug|Any CPU
		{5C99A049-7A5A-49E0-AEA5-5EB10AFCCC50}.Checked|Mixed Platforms.Build.0 = Debug|Any CPU
		{5C99A049-7A5A-49E0-AEA5-5EB10AFCCC50}.Checked|x86.ActiveCfg = Debug|Any CPU
		{5C99A049-7A5A-49E0-AEA5-5EB10AFCCC50}.Checked|x86.Build.0 = Debug|Any CPU
		{5C99A049-7A5A-49E0-AEA5-5EB10AFCCC50}.Debug|.NET.ActiveCfg = Debug|Any CPU
		{5C99A049-7A5A-49E0-AEA5-5EB10AFCCC50}.Debug|.NET.Build.0 = Debug|Any CPU
		{5C99A049-7A5A-49E0-AEA5-5EB10AFCCC50}.Debug|Any CPU.ActiveCfg = Debug|Any CPU
		{5C99A049-7A5A-49E0-AEA5-5EB10AFCCC50}.Debug|Any CPU.Build.0 = Debug|Any CPU
		{5C99A049-7A5A-49E0-AEA5-5EB10AFCCC50}.Debug|Mixed Platforms.ActiveCfg = Debug|Any CPU
		{5C99A049-7A5A-49E0-AEA5-5EB10AFCCC50}.Debug|Mixed Platforms.Build.0 = Debug|Any CPU
		{5C99A049-7A5A-49E0-AEA5-5EB10AFCCC50}.Debug|x86.ActiveCfg = Debug|Any CPU
		{5C99A049-7A5A-49E0-AEA5-5EB10AFCCC50}.Debug|x86.Build.0 = Debug|Any CPU
		{5C99A049-7A5A-49E0-AEA5-5EB10AFCCC50}.QED|.NET.ActiveCfg = Debug|Any CPU
		{5C99A049-7A5A-49E0-AEA5-5EB10AFCCC50}.QED|.NET.Build.0 = Debug|Any CPU
		{5C99A049-7A5A-49E0-AEA5-5EB10AFCCC50}.QED|Any CPU.ActiveCfg = Debug|Any CPU
		{5C99A049-7A5A-49E0-AEA5-5EB10AFCCC50}.QED|Any CPU.Build.0 = Debug|Any CPU
		{5C99A049-7A5A-49E0-AEA5-5EB10AFCCC50}.QED|Mixed Platforms.ActiveCfg = Debug|Any CPU
		{5C99A049-7A5A-49E0-AEA5-5EB10AFCCC50}.QED|Mixed Platforms.Build.0 = Debug|Any CPU
		{5C99A049-7A5A-49E0-AEA5-5EB10AFCCC50}.QED|x86.ActiveCfg = Debug|Any CPU
		{5C99A049-7A5A-49E0-AEA5-5EB10AFCCC50}.QED|x86.Build.0 = Debug|Any CPU
		{5C99A049-7A5A-49E0-AEA5-5EB10AFCCC50}.Release|.NET.ActiveCfg = Release|Any CPU
		{5C99A049-7A5A-49E0-AEA5-5EB10AFCCC50}.Release|.NET.Build.0 = Release|Any CPU
		{5C99A049-7A5A-49E0-AEA5-5EB10AFCCC50}.Release|Any CPU.ActiveCfg = Release|Any CPU
		{5C99A049-7A5A-49E0-AEA5-5EB10AFCCC50}.Release|Any CPU.Build.0 = Release|Any CPU
		{5C99A049-7A5A-49E0-AEA5-5EB10AFCCC50}.Release|Mixed Platforms.ActiveCfg = Release|Any CPU
		{5C99A049-7A5A-49E0-AEA5-5EB10AFCCC50}.Release|Mixed Platforms.Build.0 = Release|Any CPU
		{5C99A049-7A5A-49E0-AEA5-5EB10AFCCC50}.Release|x86.ActiveCfg = Release|Any CPU
		{5C99A049-7A5A-49E0-AEA5-5EB10AFCCC50}.Release|x86.Build.0 = Release|Any CPU
		{5F6E3547-EF06-47D2-A2BC-4CEAF2696DE7}.Checked|.NET.ActiveCfg = Debug|Any CPU
		{5F6E3547-EF06-47D2-A2BC-4CEAF2696DE7}.Checked|.NET.Build.0 = Debug|Any CPU
		{5F6E3547-EF06-47D2-A2BC-4CEAF2696DE7}.Checked|Any CPU.ActiveCfg = Debug|Any CPU
		{5F6E3547-EF06-47D2-A2BC-4CEAF2696DE7}.Checked|Any CPU.Build.0 = Debug|Any CPU
		{5F6E3547-EF06-47D2-A2BC-4CEAF2696DE7}.Checked|Mixed Platforms.ActiveCfg = Debug|Any CPU
		{5F6E3547-EF06-47D2-A2BC-4CEAF2696DE7}.Checked|Mixed Platforms.Build.0 = Debug|Any CPU
		{5F6E3547-EF06-47D2-A2BC-4CEAF2696DE7}.Checked|x86.ActiveCfg = Debug|Any CPU
		{5F6E3547-EF06-47D2-A2BC-4CEAF2696DE7}.Checked|x86.Build.0 = Debug|Any CPU
		{5F6E3547-EF06-47D2-A2BC-4CEAF2696DE7}.Debug|.NET.ActiveCfg = Debug|Any CPU
		{5F6E3547-EF06-47D2-A2BC-4CEAF2696DE7}.Debug|.NET.Build.0 = Debug|Any CPU
		{5F6E3547-EF06-47D2-A2BC-4CEAF2696DE7}.Debug|Any CPU.ActiveCfg = Debug|Any CPU
		{5F6E3547-EF06-47D2-A2BC-4CEAF2696DE7}.Debug|Any CPU.Build.0 = Debug|Any CPU
		{5F6E3547-EF06-47D2-A2BC-4CEAF2696DE7}.Debug|Mixed Platforms.ActiveCfg = Debug|Any CPU
		{5F6E3547-EF06-47D2-A2BC-4CEAF2696DE7}.Debug|Mixed Platforms.Build.0 = Debug|Any CPU
		{5F6E3547-EF06-47D2-A2BC-4CEAF2696DE7}.Debug|x86.ActiveCfg = Debug|Any CPU
		{5F6E3547-EF06-47D2-A2BC-4CEAF2696DE7}.Debug|x86.Build.0 = Debug|Any CPU
		{5F6E3547-EF06-47D2-A2BC-4CEAF2696DE7}.QED|.NET.ActiveCfg = Debug|Any CPU
		{5F6E3547-EF06-47D2-A2BC-4CEAF2696DE7}.QED|.NET.Build.0 = Debug|Any CPU
		{5F6E3547-EF06-47D2-A2BC-4CEAF2696DE7}.QED|Any CPU.ActiveCfg = Debug|Any CPU
		{5F6E3547-EF06-47D2-A2BC-4CEAF2696DE7}.QED|Any CPU.Build.0 = Debug|Any CPU
		{5F6E3547-EF06-47D2-A2BC-4CEAF2696DE7}.QED|Mixed Platforms.ActiveCfg = Debug|Any CPU
		{5F6E3547-EF06-47D2-A2BC-4CEAF2696DE7}.QED|Mixed Platforms.Build.0 = Debug|Any CPU
		{5F6E3547-EF06-47D2-A2BC-4CEAF2696DE7}.QED|x86.ActiveCfg = Debug|Any CPU
		{5F6E3547-EF06-47D2-A2BC-4CEAF2696DE7}.QED|x86.Build.0 = Debug|Any CPU
		{5F6E3547-EF06-47D2-A2BC-4CEAF2696DE7}.Release|.NET.ActiveCfg = Release|Any CPU
		{5F6E3547-EF06-47D2-A2BC-4CEAF2696DE7}.Release|.NET.Build.0 = Release|Any CPU
		{5F6E3547-EF06-47D2-A2BC-4CEAF2696DE7}.Release|Any CPU.ActiveCfg = Release|Any CPU
		{5F6E3547-EF06-47D2-A2BC-4CEAF2696DE7}.Release|Any CPU.Build.0 = Release|Any CPU
		{5F6E3547-EF06-47D2-A2BC-4CEAF2696DE7}.Release|Mixed Platforms.ActiveCfg = Release|Any CPU
		{5F6E3547-EF06-47D2-A2BC-4CEAF2696DE7}.Release|Mixed Platforms.Build.0 = Release|Any CPU
		{5F6E3547-EF06-47D2-A2BC-4CEAF2696DE7}.Release|x86.ActiveCfg = Release|Any CPU
		{5F6E3547-EF06-47D2-A2BC-4CEAF2696DE7}.Release|x86.Build.0 = Release|Any CPU
		{8F0A2C4A-A6D0-4240-AFA4-8F53FD0C1552}.Checked|.NET.ActiveCfg = Debug|Any CPU
		{8F0A2C4A-A6D0-4240-AFA4-8F53FD0C1552}.Checked|.NET.Build.0 = Debug|Any CPU
		{8F0A2C4A-A6D0-4240-AFA4-8F53FD0C1552}.Checked|Any CPU.ActiveCfg = Debug|Any CPU
		{8F0A2C4A-A6D0-4240-AFA4-8F53FD0C1552}.Checked|Any CPU.Build.0 = Debug|Any CPU
		{8F0A2C4A-A6D0-4240-AFA4-8F53FD0C1552}.Checked|Mixed Platforms.ActiveCfg = Debug|Any CPU
		{8F0A2C4A-A6D0-4240-AFA4-8F53FD0C1552}.Checked|Mixed Platforms.Build.0 = Debug|Any CPU
		{8F0A2C4A-A6D0-4240-AFA4-8F53FD0C1552}.Checked|x86.ActiveCfg = Debug|Any CPU
		{8F0A2C4A-A6D0-4240-AFA4-8F53FD0C1552}.Checked|x86.Build.0 = Debug|Any CPU
		{8F0A2C4A-A6D0-4240-AFA4-8F53FD0C1552}.Debug|.NET.ActiveCfg = Debug|Any CPU
		{8F0A2C4A-A6D0-4240-AFA4-8F53FD0C1552}.Debug|.NET.Build.0 = Debug|Any CPU
		{8F0A2C4A-A6D0-4240-AFA4-8F53FD0C1552}.Debug|Any CPU.ActiveCfg = Debug|Any CPU
		{8F0A2C4A-A6D0-4240-AFA4-8F53FD0C1552}.Debug|Any CPU.Build.0 = Debug|Any CPU
		{8F0A2C4A-A6D0-4240-AFA4-8F53FD0C1552}.Debug|Mixed Platforms.ActiveCfg = Debug|Any CPU
		{8F0A2C4A-A6D0-4240-AFA4-8F53FD0C1552}.Debug|Mixed Platforms.Build.0 = Debug|Any CPU
		{8F0A2C4A-A6D0-4240-AFA4-8F53FD0C1552}.Debug|x86.ActiveCfg = Debug|Any CPU
		{8F0A2C4A-A6D0-4240-AFA4-8F53FD0C1552}.Debug|x86.Build.0 = Debug|Any CPU
		{8F0A2C4A-A6D0-4240-AFA4-8F53FD0C1552}.QED|.NET.ActiveCfg = Debug|Any CPU
		{8F0A2C4A-A6D0-4240-AFA4-8F53FD0C1552}.QED|.NET.Build.0 = Debug|Any CPU
		{8F0A2C4A-A6D0-4240-AFA4-8F53FD0C1552}.QED|Any CPU.ActiveCfg = Debug|Any CPU
		{8F0A2C4A-A6D0-4240-AFA4-8F53FD0C1552}.QED|Any CPU.Build.0 = Debug|Any CPU
		{8F0A2C4A-A6D0-4240-AFA4-8F53FD0C1552}.QED|Mixed Platforms.ActiveCfg = Debug|Any CPU
		{8F0A2C4A-A6D0-4240-AFA4-8F53FD0C1552}.QED|Mixed Platforms.Build.0 = Debug|Any CPU
		{8F0A2C4A-A6D0-4240-AFA4-8F53FD0C1552}.QED|x86.ActiveCfg = Debug|Any CPU
		{8F0A2C4A-A6D0-4240-AFA4-8F53FD0C1552}.QED|x86.Build.0 = Debug|Any CPU
		{8F0A2C4A-A6D0-4240-AFA4-8F53FD0C1552}.Release|.NET.ActiveCfg = Release|Any CPU
		{8F0A2C4A-A6D0-4240-AFA4-8F53FD0C1552}.Release|.NET.Build.0 = Release|Any CPU
		{8F0A2C4A-A6D0-4240-AFA4-8F53FD0C1552}.Release|Any CPU.ActiveCfg = Release|Any CPU
		{8F0A2C4A-A6D0-4240-AFA4-8F53FD0C1552}.Release|Any CPU.Build.0 = Release|Any CPU
		{8F0A2C4A-A6D0-4240-AFA4-8F53FD0C1552}.Release|Mixed Platforms.ActiveCfg = Release|Any CPU
		{8F0A2C4A-A6D0-4240-AFA4-8F53FD0C1552}.Release|Mixed Platforms.Build.0 = Release|Any CPU
		{8F0A2C4A-A6D0-4240-AFA4-8F53FD0C1552}.Release|x86.ActiveCfg = Release|Any CPU
		{8F0A2C4A-A6D0-4240-AFA4-8F53FD0C1552}.Release|x86.Build.0 = Release|Any CPU
		{B38FA04C-F6F2-40C6-98F3-D556682AC012}.Checked|.NET.ActiveCfg = Debug|Any CPU
		{B38FA04C-F6F2-40C6-98F3-D556682AC012}.Checked|.NET.Build.0 = Debug|Any CPU
		{B38FA04C-F6F2-40C6-98F3-D556682AC012}.Checked|Any CPU.ActiveCfg = Debug|Any CPU
		{B38FA04C-F6F2-40C6-98F3-D556682AC012}.Checked|Any CPU.Build.0 = Debug|Any CPU
		{B38FA04C-F6F2-40C6-98F3-D556682AC012}.Checked|Mixed Platforms.ActiveCfg = Debug|Any CPU
		{B38FA04C-F6F2-40C6-98F3-D556682AC012}.Checked|Mixed Platforms.Build.0 = Debug|Any CPU
		{B38FA04C-F6F2-40C6-98F3-D556682AC012}.Checked|x86.ActiveCfg = Debug|Any CPU
		{B38FA04C-F6F2-40C6-98F3-D556682AC012}.Checked|x86.Build.0 = Debug|Any CPU
		{B38FA04C-F6F2-40C6-98F3-D556682AC012}.Debug|.NET.ActiveCfg = Debug|Any CPU
		{B38FA04C-F6F2-40C6-98F3-D556682AC012}.Debug|.NET.Build.0 = Debug|Any CPU
		{B38FA04C-F6F2-40C6-98F3-D556682AC012}.Debug|Any CPU.ActiveCfg = Debug|Any CPU
		{B38FA04C-F6F2-40C6-98F3-D556682AC012}.Debug|Any CPU.Build.0 = Debug|Any CPU
		{B38FA04C-F6F2-40C6-98F3-D556682AC012}.Debug|Mixed Platforms.ActiveCfg = Debug|Any CPU
		{B38FA04C-F6F2-40C6-98F3-D556682AC012}.Debug|Mixed Platforms.Build.0 = Debug|Any CPU
		{B38FA04C-F6F2-40C6-98F3-D556682AC012}.Debug|x86.ActiveCfg = Debug|Any CPU
		{B38FA04C-F6F2-40C6-98F3-D556682AC012}.Debug|x86.Build.0 = Debug|Any CPU
		{B38FA04C-F6F2-40C6-98F3-D556682AC012}.QED|.NET.ActiveCfg = Debug|Any CPU
		{B38FA04C-F6F2-40C6-98F3-D556682AC012}.QED|.NET.Build.0 = Debug|Any CPU
		{B38FA04C-F6F2-40C6-98F3-D556682AC012}.QED|Any CPU.ActiveCfg = Debug|Any CPU
		{B38FA04C-F6F2-40C6-98F3-D556682AC012}.QED|Any CPU.Build.0 = Debug|Any CPU
		{B38FA04C-F6F2-40C6-98F3-D556682AC012}.QED|Mixed Platforms.ActiveCfg = Debug|Any CPU
		{B38FA04C-F6F2-40C6-98F3-D556682AC012}.QED|Mixed Platforms.Build.0 = Debug|Any CPU
		{B38FA04C-F6F2-40C6-98F3-D556682AC012}.QED|x86.ActiveCfg = Debug|Any CPU
		{B38FA04C-F6F2-40C6-98F3-D556682AC012}.QED|x86.Build.0 = Debug|Any CPU
		{B38FA04C-F6F2-40C6-98F3-D556682AC012}.Release|.NET.ActiveCfg = Release|Any CPU
		{B38FA04C-F6F2-40C6-98F3-D556682AC012}.Release|.NET.Build.0 = Release|Any CPU
		{B38FA04C-F6F2-40C6-98F3-D556682AC012}.Release|Any CPU.ActiveCfg = Release|Any CPU
		{B38FA04C-F6F2-40C6-98F3-D556682AC012}.Release|Any CPU.Build.0 = Release|Any CPU
		{B38FA04C-F6F2-40C6-98F3-D556682AC012}.Release|Mixed Platforms.ActiveCfg = Release|Any CPU
		{B38FA04C-F6F2-40C6-98F3-D556682AC012}.Release|Mixed Platforms.Build.0 = Release|Any CPU
		{B38FA04C-F6F2-40C6-98F3-D556682AC012}.Release|x86.ActiveCfg = Release|Any CPU
		{B38FA04C-F6F2-40C6-98F3-D556682AC012}.Release|x86.Build.0 = Release|Any CPU
	EndGlobalSection
	GlobalSection(SolutionProperties) = preSolution
		HideSolutionNode = FALSE
	EndGlobalSection
	GlobalSection(NestedProjects) = preSolution
		{63400D1F-05B2-453E-9592-1EAB74B2C9CC} = {CEEAD6CB-D3C5-442A-9198-9E27E39DE871}
		{FE44674A-1633-4917-99F4-57635E6FA740} = {CEEAD6CB-D3C5-442A-9198-9E27E39DE871}
		{AC9B21AE-EBC1-4A27-AD11-ED031FC7B4A2} = {CEEAD6CB-D3C5-442A-9198-9E27E39DE871}
		{3E2944E9-3E1D-4E03-A881-FB04A7A6ED67} = {CEEAD6CB-D3C5-442A-9198-9E27E39DE871}
		{BCAD7F79-5EB7-497F-9D9A-E7A9BBE04276} = {BE1872CB-8526-4CDC-9FB3-3A84270BB4B0}
		{A8C2F880-B94A-4438-96CE-D7DEFEE33A2C} = {BE1872CB-8526-4CDC-9FB3-3A84270BB4B0}
		{F4D924F1-6086-4426-8C46-A6AC569B25CE} = {BE1872CB-8526-4CDC-9FB3-3A84270BB4B0}
		{07166506-FDE8-43E0-AC51-A307E2EC6BC9} = {BE1872CB-8526-4CDC-9FB3-3A84270BB4B0}
		{58831149-63AB-4531-BE45-60F97CDCC48E} = {BE1872CB-8526-4CDC-9FB3-3A84270BB4B0}
		{9DE0DFB0-842A-42A1-A020-7CA22C963FAC} = {BE1872CB-8526-4CDC-9FB3-3A84270BB4B0}
		{FD6583E0-0283-428B-95E2-320C2369A7FE} = {BE1872CB-8526-4CDC-9FB3-3A84270BB4B0}
		{46F60772-B769-4AD8-A81B-121E1457FBED} = {BE1872CB-8526-4CDC-9FB3-3A84270BB4B0}
		{D3E8DFF1-08F8-41E6-B0B1-E2CC7F2D998C} = {BE1872CB-8526-4CDC-9FB3-3A84270BB4B0}
		{FEF01BB3-A916-4ECF-BA24-BC2B6E6ADC8D} = {BE1872CB-8526-4CDC-9FB3-3A84270BB4B0}
		{5AD00F00-5DDD-43AD-83A4-8D1763B29CD4} = {BE1872CB-8526-4CDC-9FB3-3A84270BB4B0}
		{45678B56-C89C-4A40-8F21-993B7567D0F3} = {BE1872CB-8526-4CDC-9FB3-3A84270BB4B0}
		{8986BF1C-6905-4BC6-8AA5-6E5C524937AC} = {BE1872CB-8526-4CDC-9FB3-3A84270BB4B0}
		{5C99A049-7A5A-49E0-AEA5-5EB10AFCCC50} = {BE1872CB-8526-4CDC-9FB3-3A84270BB4B0}
		{5F6E3547-EF06-47D2-A2BC-4CEAF2696DE7} = {67B5ACFE-B81E-4E44-885C-BF33D55E2A97}
		{67B5ACFE-B81E-4E44-885C-BF33D55E2A97} = {BE1872CB-8526-4CDC-9FB3-3A84270BB4B0}
		{8F0A2C4A-A6D0-4240-AFA4-8F53FD0C1552} = {BE1872CB-8526-4CDC-9FB3-3A84270BB4B0}
		{B38FA04C-F6F2-40C6-98F3-D556682AC012} = {BE1872CB-8526-4CDC-9FB3-3A84270BB4B0}
	EndGlobalSection
	GlobalSection(ExtensibilityGlobals) = postSolution
		SolutionGuid = {99B9F147-1557-41C6-883E-E773DA068F27}
	EndGlobalSection
EndGlobal
