
Microsoft Visual Studio Solution File, Format Version 12.00
# Visual Studio 15
VisualStudioVersion = 15.0.28307.852
MinimumVisualStudioVersion = 10.0.40219.1
Project("{FAE04EC0-301F-11D3-BF4B-00C04F79EFBC}") = "DafnyDriver", "DafnyDriver\DafnyDriver.csproj", "{63400D1F-05B2-453E-9592-1EAB74B2C9CC}"
EndProject
Project("{FAE04EC0-301F-11D3-BF4B-00C04F79EFBC}") = "DafnyPipeline", "Dafny\DafnyPipeline.csproj", "{FE44674A-1633-4917-99F4-57635E6FA740}"
EndProject
Project("{FAE04EC0-301F-11D3-BF4B-00C04F79EFBC}") = "DafnyServer", "DafnyServer\DafnyServer.csproj", "{AC9B21AE-EBC1-4A27-AD11-ED031FC7B4A2}"
	ProjectSection(ProjectDependencies) = postProject
		{FE44674A-1633-4917-99F4-57635E6FA740} = {FE44674A-1633-4917-99F4-57635E6FA740}
	EndProjectSection
EndProject
Project("{FAE04EC0-301F-11D3-BF4B-00C04F79EFBC}") = "DafnyRuntime", "DafnyRuntime\DafnyRuntime.csproj", "{3E2944E9-3E1D-4E03-A881-FB04A7A6ED67}"
EndProject
Project("{2150E333-8FDC-42A3-9474-1A3956D46DE8}") = "Dafny", "Dafny", "{CEEAD6CB-D3C5-442A-9198-9E27E39DE871}"
EndProject
Project("{FAE04EC0-301F-11D3-BF4B-00C04F79EFBC}") = "DafnyLanguageServer", "DafnyLanguageServer\DafnyLanguageServer.csproj", "{6D4E722B-FC78-4989-A239-13887C8751F2}"
EndProject
Project("{2150E333-8FDC-42A3-9474-1A3956D46DE8}") = "Test", "Test", "{37A085B6-5F76-4255-BF6B-5DD5DE1023EA}"
EndProject
Project("{FAE04EC0-301F-11D3-BF4B-00C04F79EFBC}") = "VerificationServiceTest", "VerificationServiceTest\VerificationServiceTest.csproj", "{C0CE6D68-BE06-4AD4-B0D8-B137FC01E1E0}"
	ProjectSection(ProjectDependencies) = postProject
		{6D4E722B-FC78-4989-A239-13887C8751F2} = {6D4E722B-FC78-4989-A239-13887C8751F2}
	EndProjectSection
EndProject
Project("{9A19103F-16F7-4668-BE54-9A1E7A4F7556}") = "CompileHandlerTest", "COmpileTestNUnit\CompileHandlerTest.csproj", "{A7278D76-3D73-4B7D-BC59-944A5183DFD4}"
EndProject
Project("{FAE04EC0-301F-11D3-BF4B-00C04F79EFBC}") = "LSPIntegrationTests_Framework", "LSPIntegrationTests_Framework\LSPIntegrationTests_Framework.csproj", "{51013809-54E0-4D32-A63E-B810A08DF44D}"
EndProject
Global
	GlobalSection(SolutionConfigurationPlatforms) = preSolution
		Checked|.NET = Checked|.NET
		Checked|Any CPU = Checked|Any CPU
		Checked|Mixed Platforms = Checked|Mixed Platforms
		Checked|x86 = Checked|x86
		Debug|.NET = Debug|.NET
		Debug|Any CPU = Debug|Any CPU
		Debug|Mixed Platforms = Debug|Mixed Platforms
		Debug|x86 = Debug|x86
		QED|.NET = QED|.NET
		QED|Any CPU = QED|Any CPU
		QED|Mixed Platforms = QED|Mixed Platforms
		QED|x86 = QED|x86
		Release|.NET = Release|.NET
		Release|Any CPU = Release|Any CPU
		Release|Mixed Platforms = Release|Mixed Platforms
		Release|x86 = Release|x86
	EndGlobalSection
	GlobalSection(ProjectConfigurationPlatforms) = postSolution
		{63400D1F-05B2-453E-9592-1EAB74B2C9CC}.Checked|.NET.ActiveCfg = Checked|Any CPU
		{63400D1F-05B2-453E-9592-1EAB74B2C9CC}.Checked|.NET.Build.0 = Checked|Any CPU
		{63400D1F-05B2-453E-9592-1EAB74B2C9CC}.Checked|Any CPU.ActiveCfg = Debug|Any CPU
		{63400D1F-05B2-453E-9592-1EAB74B2C9CC}.Checked|Any CPU.Build.0 = Debug|Any CPU
		{63400D1F-05B2-453E-9592-1EAB74B2C9CC}.Checked|Mixed Platforms.ActiveCfg = Checked|Any CPU
		{63400D1F-05B2-453E-9592-1EAB74B2C9CC}.Checked|Mixed Platforms.Build.0 = Checked|Any CPU
		{63400D1F-05B2-453E-9592-1EAB74B2C9CC}.Checked|x86.ActiveCfg = Checked|Any CPU
		{63400D1F-05B2-453E-9592-1EAB74B2C9CC}.Checked|x86.Build.0 = Checked|Any CPU
		{63400D1F-05B2-453E-9592-1EAB74B2C9CC}.Debug|.NET.ActiveCfg = Debug|Any CPU
		{63400D1F-05B2-453E-9592-1EAB74B2C9CC}.Debug|.NET.Build.0 = Debug|Any CPU
		{63400D1F-05B2-453E-9592-1EAB74B2C9CC}.Debug|Any CPU.ActiveCfg = Debug|Any CPU
		{63400D1F-05B2-453E-9592-1EAB74B2C9CC}.Debug|Any CPU.Build.0 = Debug|Any CPU
		{63400D1F-05B2-453E-9592-1EAB74B2C9CC}.Debug|Mixed Platforms.ActiveCfg = Debug|Any CPU
		{63400D1F-05B2-453E-9592-1EAB74B2C9CC}.Debug|Mixed Platforms.Build.0 = Debug|Any CPU
		{63400D1F-05B2-453E-9592-1EAB74B2C9CC}.Debug|x86.ActiveCfg = Debug|Any CPU
		{63400D1F-05B2-453E-9592-1EAB74B2C9CC}.Debug|x86.Build.0 = Debug|Any CPU
		{63400D1F-05B2-453E-9592-1EAB74B2C9CC}.QED|.NET.ActiveCfg = Release|Any CPU
		{63400D1F-05B2-453E-9592-1EAB74B2C9CC}.QED|.NET.Build.0 = Release|Any CPU
		{63400D1F-05B2-453E-9592-1EAB74B2C9CC}.QED|Any CPU.ActiveCfg = Release|Any CPU
		{63400D1F-05B2-453E-9592-1EAB74B2C9CC}.QED|Any CPU.Build.0 = Release|Any CPU
		{63400D1F-05B2-453E-9592-1EAB74B2C9CC}.QED|Mixed Platforms.ActiveCfg = Release|Any CPU
		{63400D1F-05B2-453E-9592-1EAB74B2C9CC}.QED|Mixed Platforms.Build.0 = Release|Any CPU
		{63400D1F-05B2-453E-9592-1EAB74B2C9CC}.QED|x86.ActiveCfg = Release|Any CPU
		{63400D1F-05B2-453E-9592-1EAB74B2C9CC}.QED|x86.Build.0 = Release|Any CPU
		{63400D1F-05B2-453E-9592-1EAB74B2C9CC}.Release|.NET.ActiveCfg = Release|Any CPU
		{63400D1F-05B2-453E-9592-1EAB74B2C9CC}.Release|Any CPU.ActiveCfg = Release|Any CPU
		{63400D1F-05B2-453E-9592-1EAB74B2C9CC}.Release|Any CPU.Build.0 = Release|Any CPU
		{63400D1F-05B2-453E-9592-1EAB74B2C9CC}.Release|Mixed Platforms.ActiveCfg = Release|Any CPU
		{63400D1F-05B2-453E-9592-1EAB74B2C9CC}.Release|Mixed Platforms.Build.0 = Release|Any CPU
		{63400D1F-05B2-453E-9592-1EAB74B2C9CC}.Release|x86.ActiveCfg = Release|Any CPU
		{63400D1F-05B2-453E-9592-1EAB74B2C9CC}.Release|x86.Build.0 = Release|Any CPU
		{FE44674A-1633-4917-99F4-57635E6FA740}.Checked|.NET.ActiveCfg = Checked|Any CPU
		{FE44674A-1633-4917-99F4-57635E6FA740}.Checked|.NET.Build.0 = Checked|Any CPU
		{FE44674A-1633-4917-99F4-57635E6FA740}.Checked|Any CPU.ActiveCfg = Debug|Any CPU
		{FE44674A-1633-4917-99F4-57635E6FA740}.Checked|Any CPU.Build.0 = Debug|Any CPU
		{FE44674A-1633-4917-99F4-57635E6FA740}.Checked|Mixed Platforms.ActiveCfg = Checked|Any CPU
		{FE44674A-1633-4917-99F4-57635E6FA740}.Checked|Mixed Platforms.Build.0 = Checked|Any CPU
		{FE44674A-1633-4917-99F4-57635E6FA740}.Checked|x86.ActiveCfg = Checked|Any CPU
		{FE44674A-1633-4917-99F4-57635E6FA740}.Checked|x86.Build.0 = Checked|Any CPU
		{FE44674A-1633-4917-99F4-57635E6FA740}.Debug|.NET.ActiveCfg = Debug|Any CPU
		{FE44674A-1633-4917-99F4-57635E6FA740}.Debug|.NET.Build.0 = Debug|Any CPU
		{FE44674A-1633-4917-99F4-57635E6FA740}.Debug|Any CPU.ActiveCfg = Debug|Any CPU
		{FE44674A-1633-4917-99F4-57635E6FA740}.Debug|Any CPU.Build.0 = Debug|Any CPU
		{FE44674A-1633-4917-99F4-57635E6FA740}.Debug|Mixed Platforms.ActiveCfg = Debug|Any CPU
		{FE44674A-1633-4917-99F4-57635E6FA740}.Debug|Mixed Platforms.Build.0 = Debug|Any CPU
		{FE44674A-1633-4917-99F4-57635E6FA740}.Debug|x86.ActiveCfg = Debug|Any CPU
		{FE44674A-1633-4917-99F4-57635E6FA740}.Debug|x86.Build.0 = Debug|Any CPU
		{FE44674A-1633-4917-99F4-57635E6FA740}.QED|.NET.ActiveCfg = Release|Any CPU
		{FE44674A-1633-4917-99F4-57635E6FA740}.QED|.NET.Build.0 = Release|Any CPU
		{FE44674A-1633-4917-99F4-57635E6FA740}.QED|Any CPU.ActiveCfg = Release|Any CPU
		{FE44674A-1633-4917-99F4-57635E6FA740}.QED|Any CPU.Build.0 = Release|Any CPU
		{FE44674A-1633-4917-99F4-57635E6FA740}.QED|Mixed Platforms.ActiveCfg = Release|Any CPU
		{FE44674A-1633-4917-99F4-57635E6FA740}.QED|Mixed Platforms.Build.0 = Release|Any CPU
		{FE44674A-1633-4917-99F4-57635E6FA740}.QED|x86.ActiveCfg = Release|Any CPU
		{FE44674A-1633-4917-99F4-57635E6FA740}.QED|x86.Build.0 = Release|Any CPU
		{FE44674A-1633-4917-99F4-57635E6FA740}.Release|.NET.ActiveCfg = Release|Any CPU
		{FE44674A-1633-4917-99F4-57635E6FA740}.Release|Any CPU.ActiveCfg = Release|Any CPU
		{FE44674A-1633-4917-99F4-57635E6FA740}.Release|Any CPU.Build.0 = Release|Any CPU
		{FE44674A-1633-4917-99F4-57635E6FA740}.Release|Mixed Platforms.ActiveCfg = Release|Any CPU
		{FE44674A-1633-4917-99F4-57635E6FA740}.Release|Mixed Platforms.Build.0 = Release|Any CPU
		{FE44674A-1633-4917-99F4-57635E6FA740}.Release|x86.ActiveCfg = Release|Any CPU
		{FE44674A-1633-4917-99F4-57635E6FA740}.Release|x86.Build.0 = Release|Any CPU
		{AC9B21AE-EBC1-4A27-AD11-ED031FC7B4A2}.Checked|.NET.ActiveCfg = Release|Any CPU
		{AC9B21AE-EBC1-4A27-AD11-ED031FC7B4A2}.Checked|Any CPU.ActiveCfg = Release|Any CPU
		{AC9B21AE-EBC1-4A27-AD11-ED031FC7B4A2}.Checked|Any CPU.Build.0 = Release|Any CPU
		{AC9B21AE-EBC1-4A27-AD11-ED031FC7B4A2}.Checked|Mixed Platforms.ActiveCfg = Checked|Any CPU
		{AC9B21AE-EBC1-4A27-AD11-ED031FC7B4A2}.Checked|Mixed Platforms.Build.0 = Checked|Any CPU
		{AC9B21AE-EBC1-4A27-AD11-ED031FC7B4A2}.Checked|x86.ActiveCfg = Checked|Any CPU
		{AC9B21AE-EBC1-4A27-AD11-ED031FC7B4A2}.Checked|x86.Build.0 = Checked|Any CPU
		{AC9B21AE-EBC1-4A27-AD11-ED031FC7B4A2}.Debug|.NET.ActiveCfg = Debug|Any CPU
		{AC9B21AE-EBC1-4A27-AD11-ED031FC7B4A2}.Debug|Any CPU.ActiveCfg = Debug|Any CPU
		{AC9B21AE-EBC1-4A27-AD11-ED031FC7B4A2}.Debug|Any CPU.Build.0 = Debug|Any CPU
		{AC9B21AE-EBC1-4A27-AD11-ED031FC7B4A2}.Debug|Mixed Platforms.ActiveCfg = Debug|Any CPU
		{AC9B21AE-EBC1-4A27-AD11-ED031FC7B4A2}.Debug|Mixed Platforms.Build.0 = Debug|Any CPU
		{AC9B21AE-EBC1-4A27-AD11-ED031FC7B4A2}.Debug|x86.ActiveCfg = Debug|Any CPU
		{AC9B21AE-EBC1-4A27-AD11-ED031FC7B4A2}.Debug|x86.Build.0 = Debug|Any CPU
		{AC9B21AE-EBC1-4A27-AD11-ED031FC7B4A2}.QED|.NET.ActiveCfg = Debug|Any CPU
		{AC9B21AE-EBC1-4A27-AD11-ED031FC7B4A2}.QED|.NET.Build.0 = Debug|Any CPU
		{AC9B21AE-EBC1-4A27-AD11-ED031FC7B4A2}.QED|Any CPU.ActiveCfg = Debug|Any CPU
		{AC9B21AE-EBC1-4A27-AD11-ED031FC7B4A2}.QED|Any CPU.Build.0 = Debug|Any CPU
		{AC9B21AE-EBC1-4A27-AD11-ED031FC7B4A2}.QED|Mixed Platforms.ActiveCfg = Debug|Any CPU
		{AC9B21AE-EBC1-4A27-AD11-ED031FC7B4A2}.QED|Mixed Platforms.Build.0 = Debug|Any CPU
		{AC9B21AE-EBC1-4A27-AD11-ED031FC7B4A2}.QED|x86.ActiveCfg = Debug|Any CPU
		{AC9B21AE-EBC1-4A27-AD11-ED031FC7B4A2}.QED|x86.Build.0 = Debug|Any CPU
		{AC9B21AE-EBC1-4A27-AD11-ED031FC7B4A2}.Release|.NET.ActiveCfg = Release|Any CPU
		{AC9B21AE-EBC1-4A27-AD11-ED031FC7B4A2}.Release|Any CPU.ActiveCfg = Release|Any CPU
		{AC9B21AE-EBC1-4A27-AD11-ED031FC7B4A2}.Release|Any CPU.Build.0 = Release|Any CPU
		{AC9B21AE-EBC1-4A27-AD11-ED031FC7B4A2}.Release|Mixed Platforms.ActiveCfg = Release|Any CPU
		{AC9B21AE-EBC1-4A27-AD11-ED031FC7B4A2}.Release|Mixed Platforms.Build.0 = Release|Any CPU
		{AC9B21AE-EBC1-4A27-AD11-ED031FC7B4A2}.Release|x86.ActiveCfg = Release|Any CPU
		{AC9B21AE-EBC1-4A27-AD11-ED031FC7B4A2}.Release|x86.Build.0 = Release|Any CPU
		{3E2944E9-3E1D-4E03-A881-FB04A7A6ED67}.Checked|.NET.ActiveCfg = Release|Any CPU
		{3E2944E9-3E1D-4E03-A881-FB04A7A6ED67}.Checked|Any CPU.ActiveCfg = Release|Any CPU
		{3E2944E9-3E1D-4E03-A881-FB04A7A6ED67}.Checked|Any CPU.Build.0 = Release|Any CPU
		{3E2944E9-3E1D-4E03-A881-FB04A7A6ED67}.Checked|Mixed Platforms.ActiveCfg = Release|Any CPU
		{3E2944E9-3E1D-4E03-A881-FB04A7A6ED67}.Checked|Mixed Platforms.Build.0 = Release|Any CPU
		{3E2944E9-3E1D-4E03-A881-FB04A7A6ED67}.Checked|x86.ActiveCfg = Debug|Any CPU
		{3E2944E9-3E1D-4E03-A881-FB04A7A6ED67}.Checked|x86.Build.0 = Debug|Any CPU
		{3E2944E9-3E1D-4E03-A881-FB04A7A6ED67}.Debug|.NET.ActiveCfg = Debug|Any CPU
		{3E2944E9-3E1D-4E03-A881-FB04A7A6ED67}.Debug|Any CPU.ActiveCfg = Debug|Any CPU
		{3E2944E9-3E1D-4E03-A881-FB04A7A6ED67}.Debug|Any CPU.Build.0 = Debug|Any CPU
		{3E2944E9-3E1D-4E03-A881-FB04A7A6ED67}.Debug|Mixed Platforms.ActiveCfg = Debug|Any CPU
		{3E2944E9-3E1D-4E03-A881-FB04A7A6ED67}.Debug|Mixed Platforms.Build.0 = Debug|Any CPU
		{3E2944E9-3E1D-4E03-A881-FB04A7A6ED67}.Debug|x86.ActiveCfg = Debug|Any CPU
		{3E2944E9-3E1D-4E03-A881-FB04A7A6ED67}.Debug|x86.Build.0 = Debug|Any CPU
		{3E2944E9-3E1D-4E03-A881-FB04A7A6ED67}.QED|.NET.ActiveCfg = Debug|Any CPU
		{3E2944E9-3E1D-4E03-A881-FB04A7A6ED67}.QED|.NET.Build.0 = Debug|Any CPU
		{3E2944E9-3E1D-4E03-A881-FB04A7A6ED67}.QED|Any CPU.ActiveCfg = Debug|Any CPU
		{3E2944E9-3E1D-4E03-A881-FB04A7A6ED67}.QED|Any CPU.Build.0 = Debug|Any CPU
		{3E2944E9-3E1D-4E03-A881-FB04A7A6ED67}.QED|Mixed Platforms.ActiveCfg = Debug|Any CPU
		{3E2944E9-3E1D-4E03-A881-FB04A7A6ED67}.QED|Mixed Platforms.Build.0 = Debug|Any CPU
		{3E2944E9-3E1D-4E03-A881-FB04A7A6ED67}.QED|x86.ActiveCfg = Debug|Any CPU
		{3E2944E9-3E1D-4E03-A881-FB04A7A6ED67}.QED|x86.Build.0 = Debug|Any CPU
		{3E2944E9-3E1D-4E03-A881-FB04A7A6ED67}.Release|.NET.ActiveCfg = Release|Any CPU
		{3E2944E9-3E1D-4E03-A881-FB04A7A6ED67}.Release|Any CPU.ActiveCfg = Release|Any CPU
		{3E2944E9-3E1D-4E03-A881-FB04A7A6ED67}.Release|Any CPU.Build.0 = Release|Any CPU
		{3E2944E9-3E1D-4E03-A881-FB04A7A6ED67}.Release|Mixed Platforms.ActiveCfg = Release|Any CPU
		{3E2944E9-3E1D-4E03-A881-FB04A7A6ED67}.Release|Mixed Platforms.Build.0 = Release|Any CPU
		{3E2944E9-3E1D-4E03-A881-FB04A7A6ED67}.Release|x86.ActiveCfg = Release|Any CPU
		{3E2944E9-3E1D-4E03-A881-FB04A7A6ED67}.Release|x86.Build.0 = Release|Any CPU
		{6D4E722B-FC78-4989-A239-13887C8751F2}.Checked|.NET.ActiveCfg = Release|Any CPU
		{6D4E722B-FC78-4989-A239-13887C8751F2}.Checked|.NET.Build.0 = Release|Any CPU
		{6D4E722B-FC78-4989-A239-13887C8751F2}.Checked|Any CPU.ActiveCfg = Release|Any CPU
		{6D4E722B-FC78-4989-A239-13887C8751F2}.Checked|Any CPU.Build.0 = Release|Any CPU
		{6D4E722B-FC78-4989-A239-13887C8751F2}.Checked|Mixed Platforms.ActiveCfg = Release|Any CPU
		{6D4E722B-FC78-4989-A239-13887C8751F2}.Checked|Mixed Platforms.Build.0 = Release|Any CPU
		{6D4E722B-FC78-4989-A239-13887C8751F2}.Checked|x86.ActiveCfg = Release|Any CPU
		{6D4E722B-FC78-4989-A239-13887C8751F2}.Checked|x86.Build.0 = Release|Any CPU
		{6D4E722B-FC78-4989-A239-13887C8751F2}.Debug|.NET.ActiveCfg = Debug|Any CPU
		{6D4E722B-FC78-4989-A239-13887C8751F2}.Debug|.NET.Build.0 = Debug|Any CPU
		{6D4E722B-FC78-4989-A239-13887C8751F2}.Debug|Any CPU.ActiveCfg = Debug|Any CPU
		{6D4E722B-FC78-4989-A239-13887C8751F2}.Debug|Any CPU.Build.0 = Debug|Any CPU
		{6D4E722B-FC78-4989-A239-13887C8751F2}.Debug|Mixed Platforms.ActiveCfg = Debug|Any CPU
		{6D4E722B-FC78-4989-A239-13887C8751F2}.Debug|Mixed Platforms.Build.0 = Debug|Any CPU
		{6D4E722B-FC78-4989-A239-13887C8751F2}.Debug|x86.ActiveCfg = Debug|Any CPU
		{6D4E722B-FC78-4989-A239-13887C8751F2}.Debug|x86.Build.0 = Debug|Any CPU
		{6D4E722B-FC78-4989-A239-13887C8751F2}.QED|.NET.ActiveCfg = Release|Any CPU
		{6D4E722B-FC78-4989-A239-13887C8751F2}.QED|.NET.Build.0 = Release|Any CPU
		{6D4E722B-FC78-4989-A239-13887C8751F2}.QED|Any CPU.ActiveCfg = Release|Any CPU
		{6D4E722B-FC78-4989-A239-13887C8751F2}.QED|Any CPU.Build.0 = Release|Any CPU
		{6D4E722B-FC78-4989-A239-13887C8751F2}.QED|Mixed Platforms.ActiveCfg = Release|Any CPU
		{6D4E722B-FC78-4989-A239-13887C8751F2}.QED|Mixed Platforms.Build.0 = Release|Any CPU
		{6D4E722B-FC78-4989-A239-13887C8751F2}.QED|x86.ActiveCfg = Release|Any CPU
		{6D4E722B-FC78-4989-A239-13887C8751F2}.QED|x86.Build.0 = Release|Any CPU
		{6D4E722B-FC78-4989-A239-13887C8751F2}.Release|.NET.ActiveCfg = Release|Any CPU
		{6D4E722B-FC78-4989-A239-13887C8751F2}.Release|.NET.Build.0 = Release|Any CPU
		{6D4E722B-FC78-4989-A239-13887C8751F2}.Release|Any CPU.ActiveCfg = Release|Any CPU
		{6D4E722B-FC78-4989-A239-13887C8751F2}.Release|Any CPU.Build.0 = Release|Any CPU
		{6D4E722B-FC78-4989-A239-13887C8751F2}.Release|Mixed Platforms.ActiveCfg = Release|Any CPU
		{6D4E722B-FC78-4989-A239-13887C8751F2}.Release|Mixed Platforms.Build.0 = Release|Any CPU
		{6D4E722B-FC78-4989-A239-13887C8751F2}.Release|x86.ActiveCfg = Release|Any CPU
		{6D4E722B-FC78-4989-A239-13887C8751F2}.Release|x86.Build.0 = Release|Any CPU
		{C0CE6D68-BE06-4AD4-B0D8-B137FC01E1E0}.Checked|.NET.ActiveCfg = Release|Any CPU
		{C0CE6D68-BE06-4AD4-B0D8-B137FC01E1E0}.Checked|.NET.Build.0 = Release|Any CPU
		{C0CE6D68-BE06-4AD4-B0D8-B137FC01E1E0}.Checked|Any CPU.ActiveCfg = Release|Any CPU
		{C0CE6D68-BE06-4AD4-B0D8-B137FC01E1E0}.Checked|Any CPU.Build.0 = Release|Any CPU
		{C0CE6D68-BE06-4AD4-B0D8-B137FC01E1E0}.Checked|Mixed Platforms.ActiveCfg = Release|Any CPU
		{C0CE6D68-BE06-4AD4-B0D8-B137FC01E1E0}.Checked|Mixed Platforms.Build.0 = Release|Any CPU
		{C0CE6D68-BE06-4AD4-B0D8-B137FC01E1E0}.Checked|x86.ActiveCfg = Release|Any CPU
		{C0CE6D68-BE06-4AD4-B0D8-B137FC01E1E0}.Checked|x86.Build.0 = Release|Any CPU
		{C0CE6D68-BE06-4AD4-B0D8-B137FC01E1E0}.Debug|.NET.ActiveCfg = Debug|Any CPU
		{C0CE6D68-BE06-4AD4-B0D8-B137FC01E1E0}.Debug|.NET.Build.0 = Debug|Any CPU
		{C0CE6D68-BE06-4AD4-B0D8-B137FC01E1E0}.Debug|Any CPU.ActiveCfg = Debug|Any CPU
		{C0CE6D68-BE06-4AD4-B0D8-B137FC01E1E0}.Debug|Any CPU.Build.0 = Debug|Any CPU
		{C0CE6D68-BE06-4AD4-B0D8-B137FC01E1E0}.Debug|Mixed Platforms.ActiveCfg = Debug|Any CPU
		{C0CE6D68-BE06-4AD4-B0D8-B137FC01E1E0}.Debug|Mixed Platforms.Build.0 = Debug|Any CPU
		{C0CE6D68-BE06-4AD4-B0D8-B137FC01E1E0}.Debug|x86.ActiveCfg = Debug|Any CPU
		{C0CE6D68-BE06-4AD4-B0D8-B137FC01E1E0}.Debug|x86.Build.0 = Debug|Any CPU
		{C0CE6D68-BE06-4AD4-B0D8-B137FC01E1E0}.QED|.NET.ActiveCfg = Release|Any CPU
		{C0CE6D68-BE06-4AD4-B0D8-B137FC01E1E0}.QED|.NET.Build.0 = Release|Any CPU
		{C0CE6D68-BE06-4AD4-B0D8-B137FC01E1E0}.QED|Any CPU.ActiveCfg = Release|Any CPU
		{C0CE6D68-BE06-4AD4-B0D8-B137FC01E1E0}.QED|Any CPU.Build.0 = Release|Any CPU
		{C0CE6D68-BE06-4AD4-B0D8-B137FC01E1E0}.QED|Mixed Platforms.ActiveCfg = Release|Any CPU
		{C0CE6D68-BE06-4AD4-B0D8-B137FC01E1E0}.QED|Mixed Platforms.Build.0 = Release|Any CPU
		{C0CE6D68-BE06-4AD4-B0D8-B137FC01E1E0}.QED|x86.ActiveCfg = Release|Any CPU
		{C0CE6D68-BE06-4AD4-B0D8-B137FC01E1E0}.QED|x86.Build.0 = Release|Any CPU
		{C0CE6D68-BE06-4AD4-B0D8-B137FC01E1E0}.Release|.NET.ActiveCfg = Release|Any CPU
		{C0CE6D68-BE06-4AD4-B0D8-B137FC01E1E0}.Release|.NET.Build.0 = Release|Any CPU
		{C0CE6D68-BE06-4AD4-B0D8-B137FC01E1E0}.Release|Any CPU.ActiveCfg = Release|Any CPU
		{C0CE6D68-BE06-4AD4-B0D8-B137FC01E1E0}.Release|Any CPU.Build.0 = Release|Any CPU
		{C0CE6D68-BE06-4AD4-B0D8-B137FC01E1E0}.Release|Mixed Platforms.ActiveCfg = Release|Any CPU
		{C0CE6D68-BE06-4AD4-B0D8-B137FC01E1E0}.Release|Mixed Platforms.Build.0 = Release|Any CPU
		{C0CE6D68-BE06-4AD4-B0D8-B137FC01E1E0}.Release|x86.ActiveCfg = Release|Any CPU
		{C0CE6D68-BE06-4AD4-B0D8-B137FC01E1E0}.Release|x86.Build.0 = Release|Any CPU
		{A7278D76-3D73-4B7D-BC59-944A5183DFD4}.Checked|.NET.ActiveCfg = Debug|Any CPU
		{A7278D76-3D73-4B7D-BC59-944A5183DFD4}.Checked|.NET.Build.0 = Debug|Any CPU
		{A7278D76-3D73-4B7D-BC59-944A5183DFD4}.Checked|Any CPU.ActiveCfg = Debug|Any CPU
		{A7278D76-3D73-4B7D-BC59-944A5183DFD4}.Checked|Any CPU.Build.0 = Debug|Any CPU
		{A7278D76-3D73-4B7D-BC59-944A5183DFD4}.Checked|Mixed Platforms.ActiveCfg = Debug|Any CPU
		{A7278D76-3D73-4B7D-BC59-944A5183DFD4}.Checked|Mixed Platforms.Build.0 = Debug|Any CPU
		{A7278D76-3D73-4B7D-BC59-944A5183DFD4}.Checked|x86.ActiveCfg = Debug|Any CPU
		{A7278D76-3D73-4B7D-BC59-944A5183DFD4}.Checked|x86.Build.0 = Debug|Any CPU
		{A7278D76-3D73-4B7D-BC59-944A5183DFD4}.Debug|.NET.ActiveCfg = Debug|Any CPU
		{A7278D76-3D73-4B7D-BC59-944A5183DFD4}.Debug|.NET.Build.0 = Debug|Any CPU
		{A7278D76-3D73-4B7D-BC59-944A5183DFD4}.Debug|Any CPU.ActiveCfg = Debug|Any CPU
		{A7278D76-3D73-4B7D-BC59-944A5183DFD4}.Debug|Any CPU.Build.0 = Debug|Any CPU
		{A7278D76-3D73-4B7D-BC59-944A5183DFD4}.Debug|Mixed Platforms.ActiveCfg = Debug|Any CPU
		{A7278D76-3D73-4B7D-BC59-944A5183DFD4}.Debug|Mixed Platforms.Build.0 = Debug|Any CPU
		{A7278D76-3D73-4B7D-BC59-944A5183DFD4}.Debug|x86.ActiveCfg = Debug|Any CPU
		{A7278D76-3D73-4B7D-BC59-944A5183DFD4}.Debug|x86.Build.0 = Debug|Any CPU
		{A7278D76-3D73-4B7D-BC59-944A5183DFD4}.QED|.NET.ActiveCfg = Debug|Any CPU
		{A7278D76-3D73-4B7D-BC59-944A5183DFD4}.QED|.NET.Build.0 = Debug|Any CPU
		{A7278D76-3D73-4B7D-BC59-944A5183DFD4}.QED|Any CPU.ActiveCfg = Debug|Any CPU
		{A7278D76-3D73-4B7D-BC59-944A5183DFD4}.QED|Any CPU.Build.0 = Debug|Any CPU
		{A7278D76-3D73-4B7D-BC59-944A5183DFD4}.QED|Mixed Platforms.ActiveCfg = Debug|Any CPU
		{A7278D76-3D73-4B7D-BC59-944A5183DFD4}.QED|Mixed Platforms.Build.0 = Debug|Any CPU
		{A7278D76-3D73-4B7D-BC59-944A5183DFD4}.QED|x86.ActiveCfg = Debug|Any CPU
		{A7278D76-3D73-4B7D-BC59-944A5183DFD4}.QED|x86.Build.0 = Debug|Any CPU
		{A7278D76-3D73-4B7D-BC59-944A5183DFD4}.Release|.NET.ActiveCfg = Release|Any CPU
		{A7278D76-3D73-4B7D-BC59-944A5183DFD4}.Release|.NET.Build.0 = Release|Any CPU
		{A7278D76-3D73-4B7D-BC59-944A5183DFD4}.Release|Any CPU.ActiveCfg = Release|Any CPU
		{A7278D76-3D73-4B7D-BC59-944A5183DFD4}.Release|Any CPU.Build.0 = Release|Any CPU
		{A7278D76-3D73-4B7D-BC59-944A5183DFD4}.Release|Mixed Platforms.ActiveCfg = Release|Any CPU
		{A7278D76-3D73-4B7D-BC59-944A5183DFD4}.Release|Mixed Platforms.Build.0 = Release|Any CPU
		{A7278D76-3D73-4B7D-BC59-944A5183DFD4}.Release|x86.ActiveCfg = Release|Any CPU
		{A7278D76-3D73-4B7D-BC59-944A5183DFD4}.Release|x86.Build.0 = Release|Any CPU
		{51013809-54E0-4D32-A63E-B810A08DF44D}.Checked|.NET.ActiveCfg = Release|Any CPU
		{51013809-54E0-4D32-A63E-B810A08DF44D}.Checked|.NET.Build.0 = Release|Any CPU
		{51013809-54E0-4D32-A63E-B810A08DF44D}.Checked|Any CPU.ActiveCfg = Release|Any CPU
		{51013809-54E0-4D32-A63E-B810A08DF44D}.Checked|Any CPU.Build.0 = Release|Any CPU
		{51013809-54E0-4D32-A63E-B810A08DF44D}.Checked|Mixed Platforms.ActiveCfg = Release|Any CPU
		{51013809-54E0-4D32-A63E-B810A08DF44D}.Checked|Mixed Platforms.Build.0 = Release|Any CPU
		{51013809-54E0-4D32-A63E-B810A08DF44D}.Checked|x86.ActiveCfg = Release|Any CPU
		{51013809-54E0-4D32-A63E-B810A08DF44D}.Checked|x86.Build.0 = Release|Any CPU
		{51013809-54E0-4D32-A63E-B810A08DF44D}.Debug|.NET.ActiveCfg = Debug|Any CPU
		{51013809-54E0-4D32-A63E-B810A08DF44D}.Debug|.NET.Build.0 = Debug|Any CPU
		{51013809-54E0-4D32-A63E-B810A08DF44D}.Debug|Any CPU.ActiveCfg = Debug|Any CPU
		{51013809-54E0-4D32-A63E-B810A08DF44D}.Debug|Any CPU.Build.0 = Debug|Any CPU
		{51013809-54E0-4D32-A63E-B810A08DF44D}.Debug|Mixed Platforms.ActiveCfg = Debug|Any CPU
		{51013809-54E0-4D32-A63E-B810A08DF44D}.Debug|Mixed Platforms.Build.0 = Debug|Any CPU
		{51013809-54E0-4D32-A63E-B810A08DF44D}.Debug|x86.ActiveCfg = Debug|Any CPU
		{51013809-54E0-4D32-A63E-B810A08DF44D}.Debug|x86.Build.0 = Debug|Any CPU
		{51013809-54E0-4D32-A63E-B810A08DF44D}.QED|.NET.ActiveCfg = Release|Any CPU
		{51013809-54E0-4D32-A63E-B810A08DF44D}.QED|.NET.Build.0 = Release|Any CPU
		{51013809-54E0-4D32-A63E-B810A08DF44D}.QED|Any CPU.ActiveCfg = Release|Any CPU
		{51013809-54E0-4D32-A63E-B810A08DF44D}.QED|Any CPU.Build.0 = Release|Any CPU
		{51013809-54E0-4D32-A63E-B810A08DF44D}.QED|Mixed Platforms.ActiveCfg = Release|Any CPU
		{51013809-54E0-4D32-A63E-B810A08DF44D}.QED|Mixed Platforms.Build.0 = Release|Any CPU
		{51013809-54E0-4D32-A63E-B810A08DF44D}.QED|x86.ActiveCfg = Release|Any CPU
		{51013809-54E0-4D32-A63E-B810A08DF44D}.QED|x86.Build.0 = Release|Any CPU
		{51013809-54E0-4D32-A63E-B810A08DF44D}.Release|.NET.ActiveCfg = Release|Any CPU
		{51013809-54E0-4D32-A63E-B810A08DF44D}.Release|.NET.Build.0 = Release|Any CPU
		{51013809-54E0-4D32-A63E-B810A08DF44D}.Release|Any CPU.ActiveCfg = Release|Any CPU
		{51013809-54E0-4D32-A63E-B810A08DF44D}.Release|Any CPU.Build.0 = Release|Any CPU
		{51013809-54E0-4D32-A63E-B810A08DF44D}.Release|Mixed Platforms.ActiveCfg = Release|Any CPU
		{51013809-54E0-4D32-A63E-B810A08DF44D}.Release|Mixed Platforms.Build.0 = Release|Any CPU
		{51013809-54E0-4D32-A63E-B810A08DF44D}.Release|x86.ActiveCfg = Release|Any CPU
		{51013809-54E0-4D32-A63E-B810A08DF44D}.Release|x86.Build.0 = Release|Any CPU
	EndGlobalSection
	GlobalSection(SolutionProperties) = preSolution
		HideSolutionNode = FALSE
	EndGlobalSection
	GlobalSection(NestedProjects) = preSolution
		{63400D1F-05B2-453E-9592-1EAB74B2C9CC} = {CEEAD6CB-D3C5-442A-9198-9E27E39DE871}
		{FE44674A-1633-4917-99F4-57635E6FA740} = {CEEAD6CB-D3C5-442A-9198-9E27E39DE871}
		{AC9B21AE-EBC1-4A27-AD11-ED031FC7B4A2} = {CEEAD6CB-D3C5-442A-9198-9E27E39DE871}
		{3E2944E9-3E1D-4E03-A881-FB04A7A6ED67} = {CEEAD6CB-D3C5-442A-9198-9E27E39DE871}
		{C0CE6D68-BE06-4AD4-B0D8-B137FC01E1E0} = {37A085B6-5F76-4255-BF6B-5DD5DE1023EA}
		{A7278D76-3D73-4B7D-BC59-944A5183DFD4} = {37A085B6-5F76-4255-BF6B-5DD5DE1023EA}
		{51013809-54E0-4D32-A63E-B810A08DF44D} = {37A085B6-5F76-4255-BF6B-5DD5DE1023EA}
	EndGlobalSection
	GlobalSection(ExtensibilityGlobals) = postSolution
		SolutionGuid = {99B9F147-1557-41C6-883E-E773DA068F27}
	EndGlobalSection
EndGlobal
